
Microsoft Visual Studio Solution File, Format Version 12.00
# Visual Studio 14
VisualStudioVersion = 14.0.24720.0
MinimumVisualStudioVersion = 10.0.40219.1
Project("{2150E333-8FDC-42A3-9474-1A3956D46DE8}") = "Libs", "Libs", "{09A986A2-EC14-4132-BFA7-8FC1A66C3AB9}"
EndProject
Project("{2150E333-8FDC-42A3-9474-1A3956D46DE8}") = "Device Examples", "Device Examples", "{324B075A-470F-4CA1-B3DF-648F9EBBD037}"
EndProject
Project("{8BC9CEB8-8B4A-11D0-8D11-00A0C91BC942}") = "ClearEEPROM.Device", "Device Examples\ClearEEPROM.Device\ClearEEPROM.vcxproj", "{CFFB3AEB-C57B-4E7B-AFFC-CB0E57F8FC2F}"
EndProject
Project("{8BC9CEB8-8B4A-11D0-8D11-00A0C91BC942}") = "DHT.Device", "Device Examples\DHT.Device\DHT_Device.vcxproj", "{7AC4546C-B94B-4F36-B30F-7A7113341FF1}"
EndProject
Project("{8BC9CEB8-8B4A-11D0-8D11-00A0C91BC942}") = "IR.Device", "Device Examples\IR.Device\IR_Device.vcxproj", "{7A7BA243-1589-4E35-88DF-D1094F6198E3}"
EndProject
Project("{8BC9CEB8-8B4A-11D0-8D11-00A0C91BC942}") = "RGBLight.Device", "Device Examples\RGBLight.Device\RGBLight_device.vcxproj", "{2AFAD3AB-4EA0-4722-BDDF-A95ABB91DA17}"
EndProject
Project("{8BC9CEB8-8B4A-11D0-8D11-00A0C91BC942}") = "RGBLight2.Device", "Device Examples\RGBLight2.Device\RGBLight2.Device.vcxproj", "{2872AF1D-F3A8-4F35-9905-ADEE69CCC50C}"
EndProject
Project("{8BC9CEB8-8B4A-11D0-8D11-00A0C91BC942}") = "Test.Device", "Device Examples\Test.Device\Test_Device.vcxproj", "{DE0FB28F-8160-4DD7-AD76-708A7B9BECC0}"
EndProject
Project("{8BC9CEB8-8B4A-11D0-8D11-00A0C91BC942}") = "Test2.Device", "Device Examples\Test2.Device\Test2_Device.vcxproj", "{46BD5ED4-135C-4350-B701-38CC752CCE8A}"
EndProject
Project("{8BC9CEB8-8B4A-11D0-8D11-00A0C91BC942}") = "Weather.Device", "Device Examples\Weather.Device\Weather_Device.vcxproj", "{F1E322E1-5DE4-482B-8036-52CDE170123B}"
EndProject
Project("{8BC9CEB8-8B4A-11D0-8D11-00A0C91BC942}") = "SerialGateway.Device", "SerialGateway.Device\SerialGateway_Device.vcxproj", "{3C7AD472-B7E4-44E6-8615-998D71A9072A}"
EndProject
Project("{2150E333-8FDC-42A3-9474-1A3956D46DE8}") = "Software Nodes", "Software Nodes", "{6A5AFE86-9DF4-4CBD-ACFB-FA9B04BD9A7A}"
EndProject
Project("{8BB2217D-0F2D-49D1-97BC-3654ED321F3B}") = "WebController", "WebController\WebController.xproj", "{D5991617-7252-4C2F-B1E2-C8504339F24C}"
EndProject
Project("{FAE04EC0-301F-11D3-BF4B-00C04F79EFBC}") = "GatewayRepository", "Libs\GatewayRepository\GatewayRepository.csproj", "{92EC924F-9445-47D4-9AF7-32F92F2167F0}"
EndProject
Project("{FAE04EC0-301F-11D3-BF4B-00C04F79EFBC}") = "NodesLinks", "Libs\NodesLinks\NodesLinks.csproj", "{5BFB692C-F96F-4F89-8B4F-C5D97B96AE60}"
EndProject
Project("{FAE04EC0-301F-11D3-BF4B-00C04F79EFBC}") = "NodeTasks", "Libs\NodeTasks\NodeTasks.csproj", "{5C0BDA8E-7C8C-427D-9673-B18A05B05280}"
EndProject
Project("{FAE04EC0-301F-11D3-BF4B-00C04F79EFBC}") = "SensorsHistoryRepository", "Libs\SensorsHistoryRepository\SensorsHistoryRepository.csproj", "{7FD2EB6A-32C2-4659-96C1-093FCB85FBFD}"
EndProject
Project("{FAE04EC0-301F-11D3-BF4B-00C04F79EFBC}") = "Utils", "Libs\Utils\Utils.csproj", "{9762FEE1-2655-4FEE-BDE4-390244CFA16A}"
EndProject
Project("{FAE04EC0-301F-11D3-BF4B-00C04F79EFBC}") = "LogicalNodes", "Libs\LogicalNodes\LogicalNodes.csproj", "{D01DC889-34D8-41DB-A0E9-81BFB1FA1E1E}"
EndProject
Project("{FAE04EC0-301F-11D3-BF4B-00C04F79EFBC}") = "SerialControllers", "Libs\SerialControllers\SerialControllers.csproj", "{8F9745B8-1141-4342-BC5C-FA6077757E23}"
EndProject
Project("{FAE04EC0-301F-11D3-BF4B-00C04F79EFBC}") = "Gateways", "Libs\Gateways\Gateways.csproj", "{C323003B-AFA8-464A-B3CA-18F07DD6CDEE}"
EndProject
Project("{FAE04EC0-301F-11D3-BF4B-00C04F79EFBC}") = "LogicalNodesMySensors", "Libs\LogicalNodesMySensors\LogicalNodesMySensors.csproj", "{2FF8C376-11AA-42A3-8A7E-446602584165}"
EndProject
Project("{FAE04EC0-301F-11D3-BF4B-00C04F79EFBC}") = "LogicalNodesRepositoryDappers", "Libs\LogicalNodesRepositoryDappers\LogicalNodesRepositoryDappers.csproj", "{17833B94-BEE3-4A7F-9140-310990689612}"
EndProject
Global
	GlobalSection(SolutionConfigurationPlatforms) = preSolution
		Debug|Any CPU = Debug|Any CPU
		Debug|ARM = Debug|ARM
		Debug|x64 = Debug|x64
		Debug|x86 = Debug|x86
		Release|Any CPU = Release|Any CPU
		Release|ARM = Release|ARM
		Release|x64 = Release|x64
		Release|x86 = Release|x86
	EndGlobalSection
	GlobalSection(ProjectConfigurationPlatforms) = postSolution
		{CFFB3AEB-C57B-4E7B-AFFC-CB0E57F8FC2F}.Debug|Any CPU.ActiveCfg = Debug|Win32
		{CFFB3AEB-C57B-4E7B-AFFC-CB0E57F8FC2F}.Debug|ARM.ActiveCfg = Debug|Win32
		{CFFB3AEB-C57B-4E7B-AFFC-CB0E57F8FC2F}.Debug|x64.ActiveCfg = Debug|x64
		{CFFB3AEB-C57B-4E7B-AFFC-CB0E57F8FC2F}.Debug|x64.Build.0 = Debug|x64
		{CFFB3AEB-C57B-4E7B-AFFC-CB0E57F8FC2F}.Debug|x86.ActiveCfg = Debug|Win32
		{CFFB3AEB-C57B-4E7B-AFFC-CB0E57F8FC2F}.Debug|x86.Build.0 = Debug|Win32
		{CFFB3AEB-C57B-4E7B-AFFC-CB0E57F8FC2F}.Release|Any CPU.ActiveCfg = Release|Win32
		{CFFB3AEB-C57B-4E7B-AFFC-CB0E57F8FC2F}.Release|ARM.ActiveCfg = Release|Win32
		{CFFB3AEB-C57B-4E7B-AFFC-CB0E57F8FC2F}.Release|x64.ActiveCfg = Release|x64
		{CFFB3AEB-C57B-4E7B-AFFC-CB0E57F8FC2F}.Release|x64.Build.0 = Release|x64
		{CFFB3AEB-C57B-4E7B-AFFC-CB0E57F8FC2F}.Release|x86.ActiveCfg = Release|Win32
		{CFFB3AEB-C57B-4E7B-AFFC-CB0E57F8FC2F}.Release|x86.Build.0 = Release|Win32
		{7AC4546C-B94B-4F36-B30F-7A7113341FF1}.Debug|Any CPU.ActiveCfg = Debug|Win32
		{7AC4546C-B94B-4F36-B30F-7A7113341FF1}.Debug|ARM.ActiveCfg = Debug|Win32
		{7AC4546C-B94B-4F36-B30F-7A7113341FF1}.Debug|x64.ActiveCfg = Debug|x64
		{7AC4546C-B94B-4F36-B30F-7A7113341FF1}.Debug|x64.Build.0 = Debug|x64
		{7AC4546C-B94B-4F36-B30F-7A7113341FF1}.Debug|x86.ActiveCfg = Debug|Win32
		{7AC4546C-B94B-4F36-B30F-7A7113341FF1}.Debug|x86.Build.0 = Debug|Win32
		{7AC4546C-B94B-4F36-B30F-7A7113341FF1}.Release|Any CPU.ActiveCfg = Release|Win32
		{7AC4546C-B94B-4F36-B30F-7A7113341FF1}.Release|ARM.ActiveCfg = Release|Win32
		{7AC4546C-B94B-4F36-B30F-7A7113341FF1}.Release|x64.ActiveCfg = Release|x64
		{7AC4546C-B94B-4F36-B30F-7A7113341FF1}.Release|x64.Build.0 = Release|x64
		{7AC4546C-B94B-4F36-B30F-7A7113341FF1}.Release|x86.ActiveCfg = Release|Win32
		{7AC4546C-B94B-4F36-B30F-7A7113341FF1}.Release|x86.Build.0 = Release|Win32
		{7A7BA243-1589-4E35-88DF-D1094F6198E3}.Debug|Any CPU.ActiveCfg = Debug|Win32
		{7A7BA243-1589-4E35-88DF-D1094F6198E3}.Debug|ARM.ActiveCfg = Debug|Win32
		{7A7BA243-1589-4E35-88DF-D1094F6198E3}.Debug|x64.ActiveCfg = Debug|x64
		{7A7BA243-1589-4E35-88DF-D1094F6198E3}.Debug|x64.Build.0 = Debug|x64
		{7A7BA243-1589-4E35-88DF-D1094F6198E3}.Debug|x86.ActiveCfg = Debug|Win32
		{7A7BA243-1589-4E35-88DF-D1094F6198E3}.Debug|x86.Build.0 = Debug|Win32
		{7A7BA243-1589-4E35-88DF-D1094F6198E3}.Release|Any CPU.ActiveCfg = Release|Win32
		{7A7BA243-1589-4E35-88DF-D1094F6198E3}.Release|ARM.ActiveCfg = Release|Win32
		{7A7BA243-1589-4E35-88DF-D1094F6198E3}.Release|x64.ActiveCfg = Release|x64
		{7A7BA243-1589-4E35-88DF-D1094F6198E3}.Release|x64.Build.0 = Release|x64
		{7A7BA243-1589-4E35-88DF-D1094F6198E3}.Release|x86.ActiveCfg = Release|Win32
		{7A7BA243-1589-4E35-88DF-D1094F6198E3}.Release|x86.Build.0 = Release|Win32
		{2AFAD3AB-4EA0-4722-BDDF-A95ABB91DA17}.Debug|Any CPU.ActiveCfg = Debug|Win32
		{2AFAD3AB-4EA0-4722-BDDF-A95ABB91DA17}.Debug|ARM.ActiveCfg = Debug|Win32
		{2AFAD3AB-4EA0-4722-BDDF-A95ABB91DA17}.Debug|x64.ActiveCfg = Debug|x64
		{2AFAD3AB-4EA0-4722-BDDF-A95ABB91DA17}.Debug|x64.Build.0 = Debug|x64
		{2AFAD3AB-4EA0-4722-BDDF-A95ABB91DA17}.Debug|x86.ActiveCfg = Debug|Win32
		{2AFAD3AB-4EA0-4722-BDDF-A95ABB91DA17}.Debug|x86.Build.0 = Debug|Win32
		{2AFAD3AB-4EA0-4722-BDDF-A95ABB91DA17}.Release|Any CPU.ActiveCfg = Release|Win32
		{2AFAD3AB-4EA0-4722-BDDF-A95ABB91DA17}.Release|ARM.ActiveCfg = Release|Win32
		{2AFAD3AB-4EA0-4722-BDDF-A95ABB91DA17}.Release|x64.ActiveCfg = Release|x64
		{2AFAD3AB-4EA0-4722-BDDF-A95ABB91DA17}.Release|x64.Build.0 = Release|x64
		{2AFAD3AB-4EA0-4722-BDDF-A95ABB91DA17}.Release|x86.ActiveCfg = Release|Win32
		{2AFAD3AB-4EA0-4722-BDDF-A95ABB91DA17}.Release|x86.Build.0 = Release|Win32
		{2872AF1D-F3A8-4F35-9905-ADEE69CCC50C}.Debug|Any CPU.ActiveCfg = Debug|Win32
		{2872AF1D-F3A8-4F35-9905-ADEE69CCC50C}.Debug|ARM.ActiveCfg = Debug|Win32
		{2872AF1D-F3A8-4F35-9905-ADEE69CCC50C}.Debug|x64.ActiveCfg = Debug|x64
		{2872AF1D-F3A8-4F35-9905-ADEE69CCC50C}.Debug|x64.Build.0 = Debug|x64
		{2872AF1D-F3A8-4F35-9905-ADEE69CCC50C}.Debug|x86.ActiveCfg = Debug|Win32
		{2872AF1D-F3A8-4F35-9905-ADEE69CCC50C}.Debug|x86.Build.0 = Debug|Win32
		{2872AF1D-F3A8-4F35-9905-ADEE69CCC50C}.Release|Any CPU.ActiveCfg = Release|Win32
		{2872AF1D-F3A8-4F35-9905-ADEE69CCC50C}.Release|ARM.ActiveCfg = Release|Win32
		{2872AF1D-F3A8-4F35-9905-ADEE69CCC50C}.Release|x64.ActiveCfg = Release|x64
		{2872AF1D-F3A8-4F35-9905-ADEE69CCC50C}.Release|x64.Build.0 = Release|x64
		{2872AF1D-F3A8-4F35-9905-ADEE69CCC50C}.Release|x86.ActiveCfg = Release|Win32
		{2872AF1D-F3A8-4F35-9905-ADEE69CCC50C}.Release|x86.Build.0 = Release|Win32
		{DE0FB28F-8160-4DD7-AD76-708A7B9BECC0}.Debug|Any CPU.ActiveCfg = Debug|Win32
		{DE0FB28F-8160-4DD7-AD76-708A7B9BECC0}.Debug|ARM.ActiveCfg = Debug|Win32
		{DE0FB28F-8160-4DD7-AD76-708A7B9BECC0}.Debug|x64.ActiveCfg = Debug|x64
		{DE0FB28F-8160-4DD7-AD76-708A7B9BECC0}.Debug|x64.Build.0 = Debug|x64
		{DE0FB28F-8160-4DD7-AD76-708A7B9BECC0}.Debug|x86.ActiveCfg = Debug|Win32
		{DE0FB28F-8160-4DD7-AD76-708A7B9BECC0}.Debug|x86.Build.0 = Debug|Win32
		{DE0FB28F-8160-4DD7-AD76-708A7B9BECC0}.Release|Any CPU.ActiveCfg = Release|Win32
		{DE0FB28F-8160-4DD7-AD76-708A7B9BECC0}.Release|ARM.ActiveCfg = Release|Win32
		{DE0FB28F-8160-4DD7-AD76-708A7B9BECC0}.Release|x64.ActiveCfg = Release|x64
		{DE0FB28F-8160-4DD7-AD76-708A7B9BECC0}.Release|x64.Build.0 = Release|x64
		{DE0FB28F-8160-4DD7-AD76-708A7B9BECC0}.Release|x86.ActiveCfg = Release|Win32
		{DE0FB28F-8160-4DD7-AD76-708A7B9BECC0}.Release|x86.Build.0 = Release|Win32
		{46BD5ED4-135C-4350-B701-38CC752CCE8A}.Debug|Any CPU.ActiveCfg = Debug|Win32
		{46BD5ED4-135C-4350-B701-38CC752CCE8A}.Debug|ARM.ActiveCfg = Debug|Win32
		{46BD5ED4-135C-4350-B701-38CC752CCE8A}.Debug|x64.ActiveCfg = Debug|x64
		{46BD5ED4-135C-4350-B701-38CC752CCE8A}.Debug|x64.Build.0 = Debug|x64
		{46BD5ED4-135C-4350-B701-38CC752CCE8A}.Debug|x86.ActiveCfg = Debug|Win32
		{46BD5ED4-135C-4350-B701-38CC752CCE8A}.Debug|x86.Build.0 = Debug|Win32
		{46BD5ED4-135C-4350-B701-38CC752CCE8A}.Release|Any CPU.ActiveCfg = Release|Win32
		{46BD5ED4-135C-4350-B701-38CC752CCE8A}.Release|ARM.ActiveCfg = Release|Win32
		{46BD5ED4-135C-4350-B701-38CC752CCE8A}.Release|x64.ActiveCfg = Release|x64
		{46BD5ED4-135C-4350-B701-38CC752CCE8A}.Release|x64.Build.0 = Release|x64
		{46BD5ED4-135C-4350-B701-38CC752CCE8A}.Release|x86.ActiveCfg = Release|Win32
		{46BD5ED4-135C-4350-B701-38CC752CCE8A}.Release|x86.Build.0 = Release|Win32
		{F1E322E1-5DE4-482B-8036-52CDE170123B}.Debug|Any CPU.ActiveCfg = Debug|Win32
		{F1E322E1-5DE4-482B-8036-52CDE170123B}.Debug|ARM.ActiveCfg = Debug|Win32
		{F1E322E1-5DE4-482B-8036-52CDE170123B}.Debug|x64.ActiveCfg = Debug|x64
		{F1E322E1-5DE4-482B-8036-52CDE170123B}.Debug|x64.Build.0 = Debug|x64
		{F1E322E1-5DE4-482B-8036-52CDE170123B}.Debug|x86.ActiveCfg = Debug|Win32
		{F1E322E1-5DE4-482B-8036-52CDE170123B}.Debug|x86.Build.0 = Debug|Win32
		{F1E322E1-5DE4-482B-8036-52CDE170123B}.Release|Any CPU.ActiveCfg = Release|Win32
		{F1E322E1-5DE4-482B-8036-52CDE170123B}.Release|ARM.ActiveCfg = Release|Win32
		{F1E322E1-5DE4-482B-8036-52CDE170123B}.Release|x64.ActiveCfg = Release|x64
		{F1E322E1-5DE4-482B-8036-52CDE170123B}.Release|x64.Build.0 = Release|x64
		{F1E322E1-5DE4-482B-8036-52CDE170123B}.Release|x86.ActiveCfg = Release|Win32
		{F1E322E1-5DE4-482B-8036-52CDE170123B}.Release|x86.Build.0 = Release|Win32
		{3C7AD472-B7E4-44E6-8615-998D71A9072A}.Debug|Any CPU.ActiveCfg = Debug|Win32
		{3C7AD472-B7E4-44E6-8615-998D71A9072A}.Debug|ARM.ActiveCfg = Debug|Win32
		{3C7AD472-B7E4-44E6-8615-998D71A9072A}.Debug|x64.ActiveCfg = Debug|x64
		{3C7AD472-B7E4-44E6-8615-998D71A9072A}.Debug|x64.Build.0 = Debug|x64
		{3C7AD472-B7E4-44E6-8615-998D71A9072A}.Debug|x86.ActiveCfg = Debug|Win32
		{3C7AD472-B7E4-44E6-8615-998D71A9072A}.Debug|x86.Build.0 = Debug|Win32
		{3C7AD472-B7E4-44E6-8615-998D71A9072A}.Release|Any CPU.ActiveCfg = Release|Win32
		{3C7AD472-B7E4-44E6-8615-998D71A9072A}.Release|ARM.ActiveCfg = Release|Win32
		{3C7AD472-B7E4-44E6-8615-998D71A9072A}.Release|x64.ActiveCfg = Release|x64
		{3C7AD472-B7E4-44E6-8615-998D71A9072A}.Release|x64.Build.0 = Release|x64
		{3C7AD472-B7E4-44E6-8615-998D71A9072A}.Release|x86.ActiveCfg = Release|Win32
		{3C7AD472-B7E4-44E6-8615-998D71A9072A}.Release|x86.Build.0 = Release|Win32
		{D5991617-7252-4C2F-B1E2-C8504339F24C}.Debug|Any CPU.ActiveCfg = Debug|Any CPU
		{D5991617-7252-4C2F-B1E2-C8504339F24C}.Debug|Any CPU.Build.0 = Debug|Any CPU
		{D5991617-7252-4C2F-B1E2-C8504339F24C}.Debug|ARM.ActiveCfg = Debug|Any CPU
		{D5991617-7252-4C2F-B1E2-C8504339F24C}.Debug|ARM.Build.0 = Debug|Any CPU
		{D5991617-7252-4C2F-B1E2-C8504339F24C}.Debug|x64.ActiveCfg = Debug|Any CPU
		{D5991617-7252-4C2F-B1E2-C8504339F24C}.Debug|x64.Build.0 = Debug|Any CPU
		{D5991617-7252-4C2F-B1E2-C8504339F24C}.Debug|x86.ActiveCfg = Debug|Any CPU
		{D5991617-7252-4C2F-B1E2-C8504339F24C}.Debug|x86.Build.0 = Debug|Any CPU
		{D5991617-7252-4C2F-B1E2-C8504339F24C}.Release|Any CPU.ActiveCfg = Release|Any CPU
		{D5991617-7252-4C2F-B1E2-C8504339F24C}.Release|Any CPU.Build.0 = Release|Any CPU
		{D5991617-7252-4C2F-B1E2-C8504339F24C}.Release|ARM.ActiveCfg = Release|Any CPU
		{D5991617-7252-4C2F-B1E2-C8504339F24C}.Release|ARM.Build.0 = Release|Any CPU
		{D5991617-7252-4C2F-B1E2-C8504339F24C}.Release|x64.ActiveCfg = Release|Any CPU
		{D5991617-7252-4C2F-B1E2-C8504339F24C}.Release|x64.Build.0 = Release|Any CPU
		{D5991617-7252-4C2F-B1E2-C8504339F24C}.Release|x86.ActiveCfg = Release|Any CPU
		{D5991617-7252-4C2F-B1E2-C8504339F24C}.Release|x86.Build.0 = Release|Any CPU
		{92EC924F-9445-47D4-9AF7-32F92F2167F0}.Debug|Any CPU.ActiveCfg = Debug|Any CPU
		{92EC924F-9445-47D4-9AF7-32F92F2167F0}.Debug|Any CPU.Build.0 = Debug|Any CPU
		{92EC924F-9445-47D4-9AF7-32F92F2167F0}.Debug|ARM.ActiveCfg = Debug|Any CPU
		{92EC924F-9445-47D4-9AF7-32F92F2167F0}.Debug|ARM.Build.0 = Debug|Any CPU
		{92EC924F-9445-47D4-9AF7-32F92F2167F0}.Debug|x64.ActiveCfg = Debug|Any CPU
		{92EC924F-9445-47D4-9AF7-32F92F2167F0}.Debug|x64.Build.0 = Debug|Any CPU
		{92EC924F-9445-47D4-9AF7-32F92F2167F0}.Debug|x86.ActiveCfg = Debug|Any CPU
		{92EC924F-9445-47D4-9AF7-32F92F2167F0}.Debug|x86.Build.0 = Debug|Any CPU
		{92EC924F-9445-47D4-9AF7-32F92F2167F0}.Release|Any CPU.ActiveCfg = Release|Any CPU
		{92EC924F-9445-47D4-9AF7-32F92F2167F0}.Release|Any CPU.Build.0 = Release|Any CPU
		{92EC924F-9445-47D4-9AF7-32F92F2167F0}.Release|ARM.ActiveCfg = Release|Any CPU
		{92EC924F-9445-47D4-9AF7-32F92F2167F0}.Release|ARM.Build.0 = Release|Any CPU
		{92EC924F-9445-47D4-9AF7-32F92F2167F0}.Release|x64.ActiveCfg = Release|Any CPU
		{92EC924F-9445-47D4-9AF7-32F92F2167F0}.Release|x64.Build.0 = Release|Any CPU
		{92EC924F-9445-47D4-9AF7-32F92F2167F0}.Release|x86.ActiveCfg = Release|Any CPU
		{92EC924F-9445-47D4-9AF7-32F92F2167F0}.Release|x86.Build.0 = Release|Any CPU
		{5BFB692C-F96F-4F89-8B4F-C5D97B96AE60}.Debug|Any CPU.ActiveCfg = Debug|Any CPU
		{5BFB692C-F96F-4F89-8B4F-C5D97B96AE60}.Debug|Any CPU.Build.0 = Debug|Any CPU
		{5BFB692C-F96F-4F89-8B4F-C5D97B96AE60}.Debug|ARM.ActiveCfg = Debug|Any CPU
		{5BFB692C-F96F-4F89-8B4F-C5D97B96AE60}.Debug|ARM.Build.0 = Debug|Any CPU
		{5BFB692C-F96F-4F89-8B4F-C5D97B96AE60}.Debug|x64.ActiveCfg = Debug|Any CPU
		{5BFB692C-F96F-4F89-8B4F-C5D97B96AE60}.Debug|x64.Build.0 = Debug|Any CPU
		{5BFB692C-F96F-4F89-8B4F-C5D97B96AE60}.Debug|x86.ActiveCfg = Debug|Any CPU
		{5BFB692C-F96F-4F89-8B4F-C5D97B96AE60}.Debug|x86.Build.0 = Debug|Any CPU
		{5BFB692C-F96F-4F89-8B4F-C5D97B96AE60}.Release|Any CPU.ActiveCfg = Release|Any CPU
		{5BFB692C-F96F-4F89-8B4F-C5D97B96AE60}.Release|Any CPU.Build.0 = Release|Any CPU
		{5BFB692C-F96F-4F89-8B4F-C5D97B96AE60}.Release|ARM.ActiveCfg = Release|Any CPU
		{5BFB692C-F96F-4F89-8B4F-C5D97B96AE60}.Release|ARM.Build.0 = Release|Any CPU
		{5BFB692C-F96F-4F89-8B4F-C5D97B96AE60}.Release|x64.ActiveCfg = Release|Any CPU
		{5BFB692C-F96F-4F89-8B4F-C5D97B96AE60}.Release|x64.Build.0 = Release|Any CPU
		{5BFB692C-F96F-4F89-8B4F-C5D97B96AE60}.Release|x86.ActiveCfg = Release|Any CPU
		{5BFB692C-F96F-4F89-8B4F-C5D97B96AE60}.Release|x86.Build.0 = Release|Any CPU
		{5C0BDA8E-7C8C-427D-9673-B18A05B05280}.Debug|Any CPU.ActiveCfg = Debug|Any CPU
		{5C0BDA8E-7C8C-427D-9673-B18A05B05280}.Debug|Any CPU.Build.0 = Debug|Any CPU
		{5C0BDA8E-7C8C-427D-9673-B18A05B05280}.Debug|ARM.ActiveCfg = Debug|Any CPU
		{5C0BDA8E-7C8C-427D-9673-B18A05B05280}.Debug|ARM.Build.0 = Debug|Any CPU
		{5C0BDA8E-7C8C-427D-9673-B18A05B05280}.Debug|x64.ActiveCfg = Debug|Any CPU
		{5C0BDA8E-7C8C-427D-9673-B18A05B05280}.Debug|x64.Build.0 = Debug|Any CPU
		{5C0BDA8E-7C8C-427D-9673-B18A05B05280}.Debug|x86.ActiveCfg = Debug|Any CPU
		{5C0BDA8E-7C8C-427D-9673-B18A05B05280}.Debug|x86.Build.0 = Debug|Any CPU
		{5C0BDA8E-7C8C-427D-9673-B18A05B05280}.Release|Any CPU.ActiveCfg = Release|Any CPU
		{5C0BDA8E-7C8C-427D-9673-B18A05B05280}.Release|Any CPU.Build.0 = Release|Any CPU
		{5C0BDA8E-7C8C-427D-9673-B18A05B05280}.Release|ARM.ActiveCfg = Release|Any CPU
		{5C0BDA8E-7C8C-427D-9673-B18A05B05280}.Release|ARM.Build.0 = Release|Any CPU
		{5C0BDA8E-7C8C-427D-9673-B18A05B05280}.Release|x64.ActiveCfg = Release|Any CPU
		{5C0BDA8E-7C8C-427D-9673-B18A05B05280}.Release|x64.Build.0 = Release|Any CPU
		{5C0BDA8E-7C8C-427D-9673-B18A05B05280}.Release|x86.ActiveCfg = Release|Any CPU
		{5C0BDA8E-7C8C-427D-9673-B18A05B05280}.Release|x86.Build.0 = Release|Any CPU
		{7FD2EB6A-32C2-4659-96C1-093FCB85FBFD}.Debug|Any CPU.ActiveCfg = Debug|Any CPU
		{7FD2EB6A-32C2-4659-96C1-093FCB85FBFD}.Debug|Any CPU.Build.0 = Debug|Any CPU
		{7FD2EB6A-32C2-4659-96C1-093FCB85FBFD}.Debug|ARM.ActiveCfg = Debug|Any CPU
		{7FD2EB6A-32C2-4659-96C1-093FCB85FBFD}.Debug|ARM.Build.0 = Debug|Any CPU
		{7FD2EB6A-32C2-4659-96C1-093FCB85FBFD}.Debug|x64.ActiveCfg = Debug|Any CPU
		{7FD2EB6A-32C2-4659-96C1-093FCB85FBFD}.Debug|x64.Build.0 = Debug|Any CPU
		{7FD2EB6A-32C2-4659-96C1-093FCB85FBFD}.Debug|x86.ActiveCfg = Debug|Any CPU
		{7FD2EB6A-32C2-4659-96C1-093FCB85FBFD}.Debug|x86.Build.0 = Debug|Any CPU
		{7FD2EB6A-32C2-4659-96C1-093FCB85FBFD}.Release|Any CPU.ActiveCfg = Release|Any CPU
		{7FD2EB6A-32C2-4659-96C1-093FCB85FBFD}.Release|Any CPU.Build.0 = Release|Any CPU
		{7FD2EB6A-32C2-4659-96C1-093FCB85FBFD}.Release|ARM.ActiveCfg = Release|Any CPU
		{7FD2EB6A-32C2-4659-96C1-093FCB85FBFD}.Release|ARM.Build.0 = Release|Any CPU
		{7FD2EB6A-32C2-4659-96C1-093FCB85FBFD}.Release|x64.ActiveCfg = Release|Any CPU
		{7FD2EB6A-32C2-4659-96C1-093FCB85FBFD}.Release|x64.Build.0 = Release|Any CPU
		{7FD2EB6A-32C2-4659-96C1-093FCB85FBFD}.Release|x86.ActiveCfg = Release|Any CPU
		{7FD2EB6A-32C2-4659-96C1-093FCB85FBFD}.Release|x86.Build.0 = Release|Any CPU
		{9762FEE1-2655-4FEE-BDE4-390244CFA16A}.Debug|Any CPU.ActiveCfg = Debug|Any CPU
		{9762FEE1-2655-4FEE-BDE4-390244CFA16A}.Debug|Any CPU.Build.0 = Debug|Any CPU
		{9762FEE1-2655-4FEE-BDE4-390244CFA16A}.Debug|ARM.ActiveCfg = Debug|Any CPU
		{9762FEE1-2655-4FEE-BDE4-390244CFA16A}.Debug|ARM.Build.0 = Debug|Any CPU
		{9762FEE1-2655-4FEE-BDE4-390244CFA16A}.Debug|x64.ActiveCfg = Debug|Any CPU
		{9762FEE1-2655-4FEE-BDE4-390244CFA16A}.Debug|x64.Build.0 = Debug|Any CPU
		{9762FEE1-2655-4FEE-BDE4-390244CFA16A}.Debug|x86.ActiveCfg = Debug|Any CPU
		{9762FEE1-2655-4FEE-BDE4-390244CFA16A}.Debug|x86.Build.0 = Debug|Any CPU
		{9762FEE1-2655-4FEE-BDE4-390244CFA16A}.Release|Any CPU.ActiveCfg = Release|Any CPU
		{9762FEE1-2655-4FEE-BDE4-390244CFA16A}.Release|Any CPU.Build.0 = Release|Any CPU
		{9762FEE1-2655-4FEE-BDE4-390244CFA16A}.Release|ARM.ActiveCfg = Release|Any CPU
		{9762FEE1-2655-4FEE-BDE4-390244CFA16A}.Release|ARM.Build.0 = Release|Any CPU
		{9762FEE1-2655-4FEE-BDE4-390244CFA16A}.Release|x64.ActiveCfg = Release|Any CPU
		{9762FEE1-2655-4FEE-BDE4-390244CFA16A}.Release|x64.Build.0 = Release|Any CPU
		{9762FEE1-2655-4FEE-BDE4-390244CFA16A}.Release|x86.ActiveCfg = Release|Any CPU
		{9762FEE1-2655-4FEE-BDE4-390244CFA16A}.Release|x86.Build.0 = Release|Any CPU
		{D01DC889-34D8-41DB-A0E9-81BFB1FA1E1E}.Debug|Any CPU.ActiveCfg = Debug|Any CPU
		{D01DC889-34D8-41DB-A0E9-81BFB1FA1E1E}.Debug|Any CPU.Build.0 = Debug|Any CPU
		{D01DC889-34D8-41DB-A0E9-81BFB1FA1E1E}.Debug|ARM.ActiveCfg = Debug|Any CPU
		{D01DC889-34D8-41DB-A0E9-81BFB1FA1E1E}.Debug|ARM.Build.0 = Debug|Any CPU
		{D01DC889-34D8-41DB-A0E9-81BFB1FA1E1E}.Debug|x64.ActiveCfg = Debug|Any CPU
		{D01DC889-34D8-41DB-A0E9-81BFB1FA1E1E}.Debug|x64.Build.0 = Debug|Any CPU
		{D01DC889-34D8-41DB-A0E9-81BFB1FA1E1E}.Debug|x86.ActiveCfg = Debug|Any CPU
		{D01DC889-34D8-41DB-A0E9-81BFB1FA1E1E}.Debug|x86.Build.0 = Debug|Any CPU
		{D01DC889-34D8-41DB-A0E9-81BFB1FA1E1E}.Release|Any CPU.ActiveCfg = Release|Any CPU
		{D01DC889-34D8-41DB-A0E9-81BFB1FA1E1E}.Release|Any CPU.Build.0 = Release|Any CPU
		{D01DC889-34D8-41DB-A0E9-81BFB1FA1E1E}.Release|ARM.ActiveCfg = Release|Any CPU
		{D01DC889-34D8-41DB-A0E9-81BFB1FA1E1E}.Release|ARM.Build.0 = Release|Any CPU
		{D01DC889-34D8-41DB-A0E9-81BFB1FA1E1E}.Release|x64.ActiveCfg = Release|Any CPU
		{D01DC889-34D8-41DB-A0E9-81BFB1FA1E1E}.Release|x64.Build.0 = Release|Any CPU
		{D01DC889-34D8-41DB-A0E9-81BFB1FA1E1E}.Release|x86.ActiveCfg = Release|Any CPU
		{D01DC889-34D8-41DB-A0E9-81BFB1FA1E1E}.Release|x86.Build.0 = Release|Any CPU
		{8F9745B8-1141-4342-BC5C-FA6077757E23}.Debug|Any CPU.ActiveCfg = Debug|Any CPU
		{8F9745B8-1141-4342-BC5C-FA6077757E23}.Debug|Any CPU.Build.0 = Debug|Any CPU
		{8F9745B8-1141-4342-BC5C-FA6077757E23}.Debug|ARM.ActiveCfg = Debug|Any CPU
		{8F9745B8-1141-4342-BC5C-FA6077757E23}.Debug|ARM.Build.0 = Debug|Any CPU
		{8F9745B8-1141-4342-BC5C-FA6077757E23}.Debug|x64.ActiveCfg = Debug|Any CPU
		{8F9745B8-1141-4342-BC5C-FA6077757E23}.Debug|x64.Build.0 = Debug|Any CPU
		{8F9745B8-1141-4342-BC5C-FA6077757E23}.Debug|x86.ActiveCfg = Debug|Any CPU
		{8F9745B8-1141-4342-BC5C-FA6077757E23}.Debug|x86.Build.0 = Debug|Any CPU
		{8F9745B8-1141-4342-BC5C-FA6077757E23}.Release|Any CPU.ActiveCfg = Release|Any CPU
		{8F9745B8-1141-4342-BC5C-FA6077757E23}.Release|Any CPU.Build.0 = Release|Any CPU
		{8F9745B8-1141-4342-BC5C-FA6077757E23}.Release|ARM.ActiveCfg = Release|Any CPU
		{8F9745B8-1141-4342-BC5C-FA6077757E23}.Release|ARM.Build.0 = Release|Any CPU
		{8F9745B8-1141-4342-BC5C-FA6077757E23}.Release|x64.ActiveCfg = Release|Any CPU
		{8F9745B8-1141-4342-BC5C-FA6077757E23}.Release|x64.Build.0 = Release|Any CPU
		{8F9745B8-1141-4342-BC5C-FA6077757E23}.Release|x86.ActiveCfg = Release|Any CPU
		{8F9745B8-1141-4342-BC5C-FA6077757E23}.Release|x86.Build.0 = Release|Any CPU
		{C323003B-AFA8-464A-B3CA-18F07DD6CDEE}.Debug|Any CPU.ActiveCfg = Debug|Any CPU
		{C323003B-AFA8-464A-B3CA-18F07DD6CDEE}.Debug|Any CPU.Build.0 = Debug|Any CPU
		{C323003B-AFA8-464A-B3CA-18F07DD6CDEE}.Debug|ARM.ActiveCfg = Debug|Any CPU
		{C323003B-AFA8-464A-B3CA-18F07DD6CDEE}.Debug|ARM.Build.0 = Debug|Any CPU
		{C323003B-AFA8-464A-B3CA-18F07DD6CDEE}.Debug|x64.ActiveCfg = Debug|Any CPU
		{C323003B-AFA8-464A-B3CA-18F07DD6CDEE}.Debug|x64.Build.0 = Debug|Any CPU
		{C323003B-AFA8-464A-B3CA-18F07DD6CDEE}.Debug|x86.ActiveCfg = Debug|Any CPU
		{C323003B-AFA8-464A-B3CA-18F07DD6CDEE}.Debug|x86.Build.0 = Debug|Any CPU
		{C323003B-AFA8-464A-B3CA-18F07DD6CDEE}.Release|Any CPU.ActiveCfg = Release|Any CPU
		{C323003B-AFA8-464A-B3CA-18F07DD6CDEE}.Release|Any CPU.Build.0 = Release|Any CPU
		{C323003B-AFA8-464A-B3CA-18F07DD6CDEE}.Release|ARM.ActiveCfg = Release|Any CPU
		{C323003B-AFA8-464A-B3CA-18F07DD6CDEE}.Release|ARM.Build.0 = Release|Any CPU
		{C323003B-AFA8-464A-B3CA-18F07DD6CDEE}.Release|x64.ActiveCfg = Release|Any CPU
		{C323003B-AFA8-464A-B3CA-18F07DD6CDEE}.Release|x64.Build.0 = Release|Any CPU
		{C323003B-AFA8-464A-B3CA-18F07DD6CDEE}.Release|x86.ActiveCfg = Release|Any CPU
		{C323003B-AFA8-464A-B3CA-18F07DD6CDEE}.Release|x86.Build.0 = Release|Any CPU
		{2FF8C376-11AA-42A3-8A7E-446602584165}.Debug|Any CPU.ActiveCfg = Debug|Any CPU
		{2FF8C376-11AA-42A3-8A7E-446602584165}.Debug|Any CPU.Build.0 = Debug|Any CPU
		{2FF8C376-11AA-42A3-8A7E-446602584165}.Debug|ARM.ActiveCfg = Debug|Any CPU
		{2FF8C376-11AA-42A3-8A7E-446602584165}.Debug|ARM.Build.0 = Debug|Any CPU
		{2FF8C376-11AA-42A3-8A7E-446602584165}.Debug|x64.ActiveCfg = Debug|Any CPU
		{2FF8C376-11AA-42A3-8A7E-446602584165}.Debug|x64.Build.0 = Debug|Any CPU
		{2FF8C376-11AA-42A3-8A7E-446602584165}.Debug|x86.ActiveCfg = Debug|Any CPU
		{2FF8C376-11AA-42A3-8A7E-446602584165}.Debug|x86.Build.0 = Debug|Any CPU
		{2FF8C376-11AA-42A3-8A7E-446602584165}.Release|Any CPU.ActiveCfg = Release|Any CPU
		{2FF8C376-11AA-42A3-8A7E-446602584165}.Release|Any CPU.Build.0 = Release|Any CPU
		{2FF8C376-11AA-42A3-8A7E-446602584165}.Release|ARM.ActiveCfg = Release|Any CPU
		{2FF8C376-11AA-42A3-8A7E-446602584165}.Release|ARM.Build.0 = Release|Any CPU
		{2FF8C376-11AA-42A3-8A7E-446602584165}.Release|x64.ActiveCfg = Release|Any CPU
		{2FF8C376-11AA-42A3-8A7E-446602584165}.Release|x64.Build.0 = Release|Any CPU
		{2FF8C376-11AA-42A3-8A7E-446602584165}.Release|x86.ActiveCfg = Release|Any CPU
		{2FF8C376-11AA-42A3-8A7E-446602584165}.Release|x86.Build.0 = Release|Any CPU
		{17833B94-BEE3-4A7F-9140-310990689612}.Debug|Any CPU.ActiveCfg = Debug|Any CPU
		{17833B94-BEE3-4A7F-9140-310990689612}.Debug|Any CPU.Build.0 = Debug|Any CPU
		{17833B94-BEE3-4A7F-9140-310990689612}.Debug|ARM.ActiveCfg = Debug|Any CPU
		{17833B94-BEE3-4A7F-9140-310990689612}.Debug|ARM.Build.0 = Debug|Any CPU
		{17833B94-BEE3-4A7F-9140-310990689612}.Debug|x64.ActiveCfg = Debug|Any CPU
		{17833B94-BEE3-4A7F-9140-310990689612}.Debug|x64.Build.0 = Debug|Any CPU
		{17833B94-BEE3-4A7F-9140-310990689612}.Debug|x86.ActiveCfg = Debug|Any CPU
		{17833B94-BEE3-4A7F-9140-310990689612}.Debug|x86.Build.0 = Debug|Any CPU
		{17833B94-BEE3-4A7F-9140-310990689612}.Release|Any CPU.ActiveCfg = Release|Any CPU
		{17833B94-BEE3-4A7F-9140-310990689612}.Release|Any CPU.Build.0 = Release|Any CPU
		{17833B94-BEE3-4A7F-9140-310990689612}.Release|ARM.ActiveCfg = Release|Any CPU
		{17833B94-BEE3-4A7F-9140-310990689612}.Release|ARM.Build.0 = Release|Any CPU
		{17833B94-BEE3-4A7F-9140-310990689612}.Release|x64.ActiveCfg = Release|Any CPU
		{17833B94-BEE3-4A7F-9140-310990689612}.Release|x64.Build.0 = Release|Any CPU
		{17833B94-BEE3-4A7F-9140-310990689612}.Release|x86.ActiveCfg = Release|Any CPU
		{17833B94-BEE3-4A7F-9140-310990689612}.Release|x86.Build.0 = Release|Any CPU
	EndGlobalSection
	GlobalSection(SolutionProperties) = preSolution
		HideSolutionNode = FALSE
	EndGlobalSection
	GlobalSection(NestedProjects) = preSolution
		{CFFB3AEB-C57B-4E7B-AFFC-CB0E57F8FC2F} = {324B075A-470F-4CA1-B3DF-648F9EBBD037}
		{7AC4546C-B94B-4F36-B30F-7A7113341FF1} = {324B075A-470F-4CA1-B3DF-648F9EBBD037}
		{7A7BA243-1589-4E35-88DF-D1094F6198E3} = {324B075A-470F-4CA1-B3DF-648F9EBBD037}
		{2AFAD3AB-4EA0-4722-BDDF-A95ABB91DA17} = {324B075A-470F-4CA1-B3DF-648F9EBBD037}
		{2872AF1D-F3A8-4F35-9905-ADEE69CCC50C} = {324B075A-470F-4CA1-B3DF-648F9EBBD037}
		{DE0FB28F-8160-4DD7-AD76-708A7B9BECC0} = {324B075A-470F-4CA1-B3DF-648F9EBBD037}
		{46BD5ED4-135C-4350-B701-38CC752CCE8A} = {324B075A-470F-4CA1-B3DF-648F9EBBD037}
		{F1E322E1-5DE4-482B-8036-52CDE170123B} = {324B075A-470F-4CA1-B3DF-648F9EBBD037}
		{92EC924F-9445-47D4-9AF7-32F92F2167F0} = {09A986A2-EC14-4132-BFA7-8FC1A66C3AB9}
		{5BFB692C-F96F-4F89-8B4F-C5D97B96AE60} = {09A986A2-EC14-4132-BFA7-8FC1A66C3AB9}
		{5C0BDA8E-7C8C-427D-9673-B18A05B05280} = {09A986A2-EC14-4132-BFA7-8FC1A66C3AB9}
		{7FD2EB6A-32C2-4659-96C1-093FCB85FBFD} = {09A986A2-EC14-4132-BFA7-8FC1A66C3AB9}
		{9762FEE1-2655-4FEE-BDE4-390244CFA16A} = {09A986A2-EC14-4132-BFA7-8FC1A66C3AB9}
		{D01DC889-34D8-41DB-A0E9-81BFB1FA1E1E} = {09A986A2-EC14-4132-BFA7-8FC1A66C3AB9}
		{8F9745B8-1141-4342-BC5C-FA6077757E23} = {09A986A2-EC14-4132-BFA7-8FC1A66C3AB9}
		{C323003B-AFA8-464A-B3CA-18F07DD6CDEE} = {09A986A2-EC14-4132-BFA7-8FC1A66C3AB9}
		{2FF8C376-11AA-42A3-8A7E-446602584165} = {09A986A2-EC14-4132-BFA7-8FC1A66C3AB9}
		{17833B94-BEE3-4A7F-9140-310990689612} = {09A986A2-EC14-4132-BFA7-8FC1A66C3AB9}
	EndGlobalSection
EndGlobal
