
Microsoft Visual Studio Solution File, Format Version 12.00
# Visual Studio 14
VisualStudioVersion = 14.0.23107.0
MinimumVisualStudioVersion = 10.0.40219.1
Project("{2150E333-8FDC-42A3-9474-1A3956D46DE8}") = "Device Examples", "Device Examples", "{502097CC-B0FC-47DE-A6D5-45468A1D830A}"
EndProject
Project("{FAE04EC0-301F-11D3-BF4B-00C04F79EFBC}") = "GatewayRepository", "Libraries\GatewayRepository\GatewayRepository.csproj", "{C9E47C3E-850F-43E7-8C07-B59A6BC57CF8}"
EndProject
Project("{2150E333-8FDC-42A3-9474-1A3956D46DE8}") = "Libraries", "Libraries", "{9E0E1429-17EF-4803-A446-DC191EA521B6}"
EndProject
Project("{FAE04EC0-301F-11D3-BF4B-00C04F79EFBC}") = "Gateway", "Libraries\Gateway\Gateway.csproj", "{3B0868EA-3030-43E2-B2B5-5E76DCB7ECB8}"
EndProject
Project("{FAE04EC0-301F-11D3-BF4B-00C04F79EFBC}") = "SensorsHistoryRepository", "Libraries\SensorsHistoryRepository\SensorsHistoryRepository.csproj", "{CF02ABEB-AF45-4207-B9E1-7A758221C3BA}"
EndProject
Project("{FAE04EC0-301F-11D3-BF4B-00C04F79EFBC}") = "NodeTasks", "Libraries\NodeTasks\NodeTasks.csproj", "{C147C1C1-EB18-49FC-B4C9-18E03C57F636}"
EndProject
Project("{FAE04EC0-301F-11D3-BF4B-00C04F79EFBC}") = "NodesLinks", "Libraries\NodesLinks\NodesLinks.csproj", "{708BDAC4-B2AA-4A10-BF7B-3441763ECC72}"
EndProject
Project("{2150E333-8FDC-42A3-9474-1A3956D46DE8}") = "Software Nodes", "Software Nodes", "{7906F6A0-8260-422F-BDAF-B1D7E5D6C744}"
EndProject
Project("{FAE04EC0-301F-11D3-BF4B-00C04F79EFBC}") = "ScreenColor", "Software Nodes\ScreenColor\ScreenColor.csproj", "{7A2EAAEA-6C8A-4D18-83B6-7ED44FCC3A5A}"
EndProject
Project("{FAE04EC0-301F-11D3-BF4B-00C04F79EFBC}") = "SoftNodes", "Libraries\SoftNodes\SoftNodes.csproj", "{FBD59E7D-89B2-4E7E-AF13-301253601781}"
EndProject
Project("{FAE04EC0-301F-11D3-BF4B-00C04F79EFBC}") = "SoftNodesSignalRClient", "Libraries\SoftNodesSignalRClient\SoftNodesSignalRClient.csproj", "{7FCFD6A9-EF19-4D28-A9BD-6D6DE59D4CA8}"
EndProject
Project("{FAE04EC0-301F-11D3-BF4B-00C04F79EFBC}") = "Utils", "Libraries\Utils\Utils.csproj", "{4D35AA74-5B3C-4DFC-B248-A164AAF96171}"
EndProject
Project("{FAE04EC0-301F-11D3-BF4B-00C04F79EFBC}") = "WebServer", "WebServer\WebServer.csproj", "{BF9040C4-9652-4109-9339-685C354F6290}"
EndProject
Project("{FAE04EC0-301F-11D3-BF4B-00C04F79EFBC}") = "SerialController.Service", "SerialController.Service\SerialController.Service.csproj", "{B36FE2B3-905C-4B95-9032-A85C464E16EC}"
EndProject
Project("{FAE04EC0-301F-11D3-BF4B-00C04F79EFBC}") = "SerialController", "Libraries\SerialController\SerialController.csproj", "{36D7DDFC-C005-436B-AB48-630A9482EE01}"
EndProject
Project("{FAE04EC0-301F-11D3-BF4B-00C04F79EFBC}") = "SerialController.Console", "SerialController.Console\SerialController.Console.csproj", "{1E5983BC-C115-4DCA-9B78-1CCAF49112AC}"
EndProject
Project("{FAE04EC0-301F-11D3-BF4B-00C04F79EFBC}") = "SerialController.Windows", "SerialController.Windows\SerialController.Windows.csproj", "{D6468583-4BFF-424B-B8EA-D83540570FD3}"
EndProject
Project("{8BC9CEB8-8B4A-11D0-8D11-00A0C91BC942}") = "SerialGateway.Device", "SerialGateway.Device\SerialGateway_Device.vcxproj", "{3C7AD472-B7E4-44E6-8615-998D71A9072A}"
EndProject
Project("{8BC9CEB8-8B4A-11D0-8D11-00A0C91BC942}") = "ClearEEPROM.Device", "Device Examples\ClearEEPROM.Device\ClearEEPROM.vcxproj", "{CFFB3AEB-C57B-4E7B-AFFC-CB0E57F8FC2F}"
EndProject
Project("{8BC9CEB8-8B4A-11D0-8D11-00A0C91BC942}") = "DHT.Device", "Device Examples\DHT.Device\DHT_Device.vcxproj", "{7AC4546C-B94B-4F36-B30F-7A7113341FF1}"
EndProject
Project("{8BC9CEB8-8B4A-11D0-8D11-00A0C91BC942}") = "IR.Device", "Device Examples\IR.Device\IR_Device.vcxproj", "{7A7BA243-1589-4E35-88DF-D1094F6198E3}"
EndProject
Project("{8BC9CEB8-8B4A-11D0-8D11-00A0C91BC942}") = "RGBLight.Device", "Device Examples\RGBLight.Device\RGBLight_device.vcxproj", "{2AFAD3AB-4EA0-4722-BDDF-A95ABB91DA17}"
EndProject
Project("{8BC9CEB8-8B4A-11D0-8D11-00A0C91BC942}") = "Test.Device", "Device Examples\Test.Device\Test_Device.vcxproj", "{DE0FB28F-8160-4DD7-AD76-708A7B9BECC0}"
EndProject
Project("{8BC9CEB8-8B4A-11D0-8D11-00A0C91BC942}") = "Test2.Device", "Device Examples\Test2.Device\Test2_Device.vcxproj", "{46BD5ED4-135C-4350-B701-38CC752CCE8A}"
EndProject
Project("{8BC9CEB8-8B4A-11D0-8D11-00A0C91BC942}") = "Weather.Device", "Device Examples\Weather.Device\Weather_Device.vcxproj", "{F1E322E1-5DE4-482B-8036-52CDE170123B}"
EndProject
Global
	GlobalSection(SolutionConfigurationPlatforms) = preSolution
		Debug|Any CPU = Debug|Any CPU
		Debug|ARM = Debug|ARM
		Debug|x64 = Debug|x64
		Debug|x86 = Debug|x86
		Release|Any CPU = Release|Any CPU
		Release|ARM = Release|ARM
		Release|x64 = Release|x64
		Release|x86 = Release|x86
	EndGlobalSection
	GlobalSection(ProjectConfigurationPlatforms) = postSolution
		{C9E47C3E-850F-43E7-8C07-B59A6BC57CF8}.Debug|Any CPU.ActiveCfg = Debug|Any CPU
		{C9E47C3E-850F-43E7-8C07-B59A6BC57CF8}.Debug|Any CPU.Build.0 = Debug|Any CPU
		{C9E47C3E-850F-43E7-8C07-B59A6BC57CF8}.Debug|ARM.ActiveCfg = Debug|Any CPU
		{C9E47C3E-850F-43E7-8C07-B59A6BC57CF8}.Debug|ARM.Build.0 = Debug|Any CPU
		{C9E47C3E-850F-43E7-8C07-B59A6BC57CF8}.Debug|x64.ActiveCfg = Debug|Any CPU
		{C9E47C3E-850F-43E7-8C07-B59A6BC57CF8}.Debug|x64.Build.0 = Debug|Any CPU
		{C9E47C3E-850F-43E7-8C07-B59A6BC57CF8}.Debug|x86.ActiveCfg = Debug|Any CPU
		{C9E47C3E-850F-43E7-8C07-B59A6BC57CF8}.Debug|x86.Build.0 = Debug|Any CPU
		{C9E47C3E-850F-43E7-8C07-B59A6BC57CF8}.Release|Any CPU.ActiveCfg = Release|Any CPU
		{C9E47C3E-850F-43E7-8C07-B59A6BC57CF8}.Release|Any CPU.Build.0 = Release|Any CPU
		{C9E47C3E-850F-43E7-8C07-B59A6BC57CF8}.Release|ARM.ActiveCfg = Release|Any CPU
		{C9E47C3E-850F-43E7-8C07-B59A6BC57CF8}.Release|ARM.Build.0 = Release|Any CPU
		{C9E47C3E-850F-43E7-8C07-B59A6BC57CF8}.Release|x64.ActiveCfg = Release|Any CPU
		{C9E47C3E-850F-43E7-8C07-B59A6BC57CF8}.Release|x64.Build.0 = Release|Any CPU
		{C9E47C3E-850F-43E7-8C07-B59A6BC57CF8}.Release|x86.ActiveCfg = Release|Any CPU
		{C9E47C3E-850F-43E7-8C07-B59A6BC57CF8}.Release|x86.Build.0 = Release|Any CPU
		{3B0868EA-3030-43E2-B2B5-5E76DCB7ECB8}.Debug|Any CPU.ActiveCfg = Debug|Any CPU
		{3B0868EA-3030-43E2-B2B5-5E76DCB7ECB8}.Debug|Any CPU.Build.0 = Debug|Any CPU
		{3B0868EA-3030-43E2-B2B5-5E76DCB7ECB8}.Debug|ARM.ActiveCfg = Debug|Any CPU
		{3B0868EA-3030-43E2-B2B5-5E76DCB7ECB8}.Debug|ARM.Build.0 = Debug|Any CPU
		{3B0868EA-3030-43E2-B2B5-5E76DCB7ECB8}.Debug|x64.ActiveCfg = Debug|Any CPU
		{3B0868EA-3030-43E2-B2B5-5E76DCB7ECB8}.Debug|x64.Build.0 = Debug|Any CPU
		{3B0868EA-3030-43E2-B2B5-5E76DCB7ECB8}.Debug|x86.ActiveCfg = Debug|Any CPU
		{3B0868EA-3030-43E2-B2B5-5E76DCB7ECB8}.Debug|x86.Build.0 = Debug|Any CPU
		{3B0868EA-3030-43E2-B2B5-5E76DCB7ECB8}.Release|Any CPU.ActiveCfg = Release|Any CPU
		{3B0868EA-3030-43E2-B2B5-5E76DCB7ECB8}.Release|Any CPU.Build.0 = Release|Any CPU
		{3B0868EA-3030-43E2-B2B5-5E76DCB7ECB8}.Release|ARM.ActiveCfg = Release|Any CPU
		{3B0868EA-3030-43E2-B2B5-5E76DCB7ECB8}.Release|ARM.Build.0 = Release|Any CPU
		{3B0868EA-3030-43E2-B2B5-5E76DCB7ECB8}.Release|x64.ActiveCfg = Release|Any CPU
		{3B0868EA-3030-43E2-B2B5-5E76DCB7ECB8}.Release|x64.Build.0 = Release|Any CPU
		{3B0868EA-3030-43E2-B2B5-5E76DCB7ECB8}.Release|x86.ActiveCfg = Release|Any CPU
		{3B0868EA-3030-43E2-B2B5-5E76DCB7ECB8}.Release|x86.Build.0 = Release|Any CPU
		{CF02ABEB-AF45-4207-B9E1-7A758221C3BA}.Debug|Any CPU.ActiveCfg = Debug|Any CPU
		{CF02ABEB-AF45-4207-B9E1-7A758221C3BA}.Debug|Any CPU.Build.0 = Debug|Any CPU
		{CF02ABEB-AF45-4207-B9E1-7A758221C3BA}.Debug|ARM.ActiveCfg = Debug|Any CPU
		{CF02ABEB-AF45-4207-B9E1-7A758221C3BA}.Debug|ARM.Build.0 = Debug|Any CPU
		{CF02ABEB-AF45-4207-B9E1-7A758221C3BA}.Debug|x64.ActiveCfg = Debug|Any CPU
		{CF02ABEB-AF45-4207-B9E1-7A758221C3BA}.Debug|x64.Build.0 = Debug|Any CPU
		{CF02ABEB-AF45-4207-B9E1-7A758221C3BA}.Debug|x86.ActiveCfg = Debug|Any CPU
		{CF02ABEB-AF45-4207-B9E1-7A758221C3BA}.Debug|x86.Build.0 = Debug|Any CPU
		{CF02ABEB-AF45-4207-B9E1-7A758221C3BA}.Release|Any CPU.ActiveCfg = Release|Any CPU
		{CF02ABEB-AF45-4207-B9E1-7A758221C3BA}.Release|Any CPU.Build.0 = Release|Any CPU
		{CF02ABEB-AF45-4207-B9E1-7A758221C3BA}.Release|ARM.ActiveCfg = Release|Any CPU
		{CF02ABEB-AF45-4207-B9E1-7A758221C3BA}.Release|ARM.Build.0 = Release|Any CPU
		{CF02ABEB-AF45-4207-B9E1-7A758221C3BA}.Release|x64.ActiveCfg = Release|Any CPU
		{CF02ABEB-AF45-4207-B9E1-7A758221C3BA}.Release|x64.Build.0 = Release|Any CPU
		{CF02ABEB-AF45-4207-B9E1-7A758221C3BA}.Release|x86.ActiveCfg = Release|Any CPU
		{CF02ABEB-AF45-4207-B9E1-7A758221C3BA}.Release|x86.Build.0 = Release|Any CPU
		{C147C1C1-EB18-49FC-B4C9-18E03C57F636}.Debug|Any CPU.ActiveCfg = Debug|Any CPU
		{C147C1C1-EB18-49FC-B4C9-18E03C57F636}.Debug|Any CPU.Build.0 = Debug|Any CPU
		{C147C1C1-EB18-49FC-B4C9-18E03C57F636}.Debug|ARM.ActiveCfg = Debug|Any CPU
		{C147C1C1-EB18-49FC-B4C9-18E03C57F636}.Debug|ARM.Build.0 = Debug|Any CPU
		{C147C1C1-EB18-49FC-B4C9-18E03C57F636}.Debug|x64.ActiveCfg = Debug|Any CPU
		{C147C1C1-EB18-49FC-B4C9-18E03C57F636}.Debug|x64.Build.0 = Debug|Any CPU
		{C147C1C1-EB18-49FC-B4C9-18E03C57F636}.Debug|x86.ActiveCfg = Debug|Any CPU
		{C147C1C1-EB18-49FC-B4C9-18E03C57F636}.Debug|x86.Build.0 = Debug|Any CPU
		{C147C1C1-EB18-49FC-B4C9-18E03C57F636}.Release|Any CPU.ActiveCfg = Release|Any CPU
		{C147C1C1-EB18-49FC-B4C9-18E03C57F636}.Release|Any CPU.Build.0 = Release|Any CPU
		{C147C1C1-EB18-49FC-B4C9-18E03C57F636}.Release|ARM.ActiveCfg = Release|Any CPU
		{C147C1C1-EB18-49FC-B4C9-18E03C57F636}.Release|ARM.Build.0 = Release|Any CPU
		{C147C1C1-EB18-49FC-B4C9-18E03C57F636}.Release|x64.ActiveCfg = Release|Any CPU
		{C147C1C1-EB18-49FC-B4C9-18E03C57F636}.Release|x64.Build.0 = Release|Any CPU
		{C147C1C1-EB18-49FC-B4C9-18E03C57F636}.Release|x86.ActiveCfg = Release|Any CPU
		{C147C1C1-EB18-49FC-B4C9-18E03C57F636}.Release|x86.Build.0 = Release|Any CPU
		{708BDAC4-B2AA-4A10-BF7B-3441763ECC72}.Debug|Any CPU.ActiveCfg = Debug|Any CPU
		{708BDAC4-B2AA-4A10-BF7B-3441763ECC72}.Debug|Any CPU.Build.0 = Debug|Any CPU
		{708BDAC4-B2AA-4A10-BF7B-3441763ECC72}.Debug|ARM.ActiveCfg = Debug|Any CPU
		{708BDAC4-B2AA-4A10-BF7B-3441763ECC72}.Debug|ARM.Build.0 = Debug|Any CPU
		{708BDAC4-B2AA-4A10-BF7B-3441763ECC72}.Debug|x64.ActiveCfg = Debug|Any CPU
		{708BDAC4-B2AA-4A10-BF7B-3441763ECC72}.Debug|x64.Build.0 = Debug|Any CPU
		{708BDAC4-B2AA-4A10-BF7B-3441763ECC72}.Debug|x86.ActiveCfg = Debug|Any CPU
		{708BDAC4-B2AA-4A10-BF7B-3441763ECC72}.Debug|x86.Build.0 = Debug|Any CPU
		{708BDAC4-B2AA-4A10-BF7B-3441763ECC72}.Release|Any CPU.ActiveCfg = Release|Any CPU
		{708BDAC4-B2AA-4A10-BF7B-3441763ECC72}.Release|Any CPU.Build.0 = Release|Any CPU
		{708BDAC4-B2AA-4A10-BF7B-3441763ECC72}.Release|ARM.ActiveCfg = Release|Any CPU
		{708BDAC4-B2AA-4A10-BF7B-3441763ECC72}.Release|ARM.Build.0 = Release|Any CPU
		{708BDAC4-B2AA-4A10-BF7B-3441763ECC72}.Release|x64.ActiveCfg = Release|Any CPU
		{708BDAC4-B2AA-4A10-BF7B-3441763ECC72}.Release|x64.Build.0 = Release|Any CPU
		{708BDAC4-B2AA-4A10-BF7B-3441763ECC72}.Release|x86.ActiveCfg = Release|Any CPU
		{708BDAC4-B2AA-4A10-BF7B-3441763ECC72}.Release|x86.Build.0 = Release|Any CPU
		{7A2EAAEA-6C8A-4D18-83B6-7ED44FCC3A5A}.Debug|Any CPU.ActiveCfg = Debug|Any CPU
		{7A2EAAEA-6C8A-4D18-83B6-7ED44FCC3A5A}.Debug|Any CPU.Build.0 = Debug|Any CPU
		{7A2EAAEA-6C8A-4D18-83B6-7ED44FCC3A5A}.Debug|ARM.ActiveCfg = Debug|Any CPU
		{7A2EAAEA-6C8A-4D18-83B6-7ED44FCC3A5A}.Debug|ARM.Build.0 = Debug|Any CPU
		{7A2EAAEA-6C8A-4D18-83B6-7ED44FCC3A5A}.Debug|x64.ActiveCfg = Debug|Any CPU
		{7A2EAAEA-6C8A-4D18-83B6-7ED44FCC3A5A}.Debug|x64.Build.0 = Debug|Any CPU
		{7A2EAAEA-6C8A-4D18-83B6-7ED44FCC3A5A}.Debug|x86.ActiveCfg = Debug|Any CPU
		{7A2EAAEA-6C8A-4D18-83B6-7ED44FCC3A5A}.Debug|x86.Build.0 = Debug|Any CPU
		{7A2EAAEA-6C8A-4D18-83B6-7ED44FCC3A5A}.Release|Any CPU.ActiveCfg = Release|Any CPU
		{7A2EAAEA-6C8A-4D18-83B6-7ED44FCC3A5A}.Release|Any CPU.Build.0 = Release|Any CPU
		{7A2EAAEA-6C8A-4D18-83B6-7ED44FCC3A5A}.Release|ARM.ActiveCfg = Release|Any CPU
		{7A2EAAEA-6C8A-4D18-83B6-7ED44FCC3A5A}.Release|ARM.Build.0 = Release|Any CPU
		{7A2EAAEA-6C8A-4D18-83B6-7ED44FCC3A5A}.Release|x64.ActiveCfg = Release|Any CPU
		{7A2EAAEA-6C8A-4D18-83B6-7ED44FCC3A5A}.Release|x64.Build.0 = Release|Any CPU
		{7A2EAAEA-6C8A-4D18-83B6-7ED44FCC3A5A}.Release|x86.ActiveCfg = Release|Any CPU
		{7A2EAAEA-6C8A-4D18-83B6-7ED44FCC3A5A}.Release|x86.Build.0 = Release|Any CPU
		{FBD59E7D-89B2-4E7E-AF13-301253601781}.Debug|Any CPU.ActiveCfg = Debug|Any CPU
		{FBD59E7D-89B2-4E7E-AF13-301253601781}.Debug|Any CPU.Build.0 = Debug|Any CPU
		{FBD59E7D-89B2-4E7E-AF13-301253601781}.Debug|ARM.ActiveCfg = Debug|Any CPU
		{FBD59E7D-89B2-4E7E-AF13-301253601781}.Debug|ARM.Build.0 = Debug|Any CPU
		{FBD59E7D-89B2-4E7E-AF13-301253601781}.Debug|x64.ActiveCfg = Debug|Any CPU
		{FBD59E7D-89B2-4E7E-AF13-301253601781}.Debug|x64.Build.0 = Debug|Any CPU
		{FBD59E7D-89B2-4E7E-AF13-301253601781}.Debug|x86.ActiveCfg = Debug|Any CPU
		{FBD59E7D-89B2-4E7E-AF13-301253601781}.Debug|x86.Build.0 = Debug|Any CPU
		{FBD59E7D-89B2-4E7E-AF13-301253601781}.Release|Any CPU.ActiveCfg = Release|Any CPU
		{FBD59E7D-89B2-4E7E-AF13-301253601781}.Release|Any CPU.Build.0 = Release|Any CPU
		{FBD59E7D-89B2-4E7E-AF13-301253601781}.Release|ARM.ActiveCfg = Release|Any CPU
		{FBD59E7D-89B2-4E7E-AF13-301253601781}.Release|ARM.Build.0 = Release|Any CPU
		{FBD59E7D-89B2-4E7E-AF13-301253601781}.Release|x64.ActiveCfg = Release|Any CPU
		{FBD59E7D-89B2-4E7E-AF13-301253601781}.Release|x64.Build.0 = Release|Any CPU
		{FBD59E7D-89B2-4E7E-AF13-301253601781}.Release|x86.ActiveCfg = Release|Any CPU
		{FBD59E7D-89B2-4E7E-AF13-301253601781}.Release|x86.Build.0 = Release|Any CPU
		{7FCFD6A9-EF19-4D28-A9BD-6D6DE59D4CA8}.Debug|Any CPU.ActiveCfg = Debug|Any CPU
		{7FCFD6A9-EF19-4D28-A9BD-6D6DE59D4CA8}.Debug|Any CPU.Build.0 = Debug|Any CPU
		{7FCFD6A9-EF19-4D28-A9BD-6D6DE59D4CA8}.Debug|ARM.ActiveCfg = Debug|Any CPU
		{7FCFD6A9-EF19-4D28-A9BD-6D6DE59D4CA8}.Debug|ARM.Build.0 = Debug|Any CPU
		{7FCFD6A9-EF19-4D28-A9BD-6D6DE59D4CA8}.Debug|x64.ActiveCfg = Debug|Any CPU
		{7FCFD6A9-EF19-4D28-A9BD-6D6DE59D4CA8}.Debug|x64.Build.0 = Debug|Any CPU
		{7FCFD6A9-EF19-4D28-A9BD-6D6DE59D4CA8}.Debug|x86.ActiveCfg = Debug|Any CPU
		{7FCFD6A9-EF19-4D28-A9BD-6D6DE59D4CA8}.Debug|x86.Build.0 = Debug|Any CPU
		{7FCFD6A9-EF19-4D28-A9BD-6D6DE59D4CA8}.Release|Any CPU.ActiveCfg = Release|Any CPU
		{7FCFD6A9-EF19-4D28-A9BD-6D6DE59D4CA8}.Release|Any CPU.Build.0 = Release|Any CPU
		{7FCFD6A9-EF19-4D28-A9BD-6D6DE59D4CA8}.Release|ARM.ActiveCfg = Release|Any CPU
		{7FCFD6A9-EF19-4D28-A9BD-6D6DE59D4CA8}.Release|ARM.Build.0 = Release|Any CPU
		{7FCFD6A9-EF19-4D28-A9BD-6D6DE59D4CA8}.Release|x64.ActiveCfg = Release|Any CPU
		{7FCFD6A9-EF19-4D28-A9BD-6D6DE59D4CA8}.Release|x64.Build.0 = Release|Any CPU
		{7FCFD6A9-EF19-4D28-A9BD-6D6DE59D4CA8}.Release|x86.ActiveCfg = Release|Any CPU
		{7FCFD6A9-EF19-4D28-A9BD-6D6DE59D4CA8}.Release|x86.Build.0 = Release|Any CPU
		{4D35AA74-5B3C-4DFC-B248-A164AAF96171}.Debug|Any CPU.ActiveCfg = Debug|Any CPU
		{4D35AA74-5B3C-4DFC-B248-A164AAF96171}.Debug|Any CPU.Build.0 = Debug|Any CPU
		{4D35AA74-5B3C-4DFC-B248-A164AAF96171}.Debug|ARM.ActiveCfg = Debug|Any CPU
		{4D35AA74-5B3C-4DFC-B248-A164AAF96171}.Debug|ARM.Build.0 = Debug|Any CPU
		{4D35AA74-5B3C-4DFC-B248-A164AAF96171}.Debug|x64.ActiveCfg = Debug|Any CPU
		{4D35AA74-5B3C-4DFC-B248-A164AAF96171}.Debug|x64.Build.0 = Debug|Any CPU
		{4D35AA74-5B3C-4DFC-B248-A164AAF96171}.Debug|x86.ActiveCfg = Debug|Any CPU
		{4D35AA74-5B3C-4DFC-B248-A164AAF96171}.Debug|x86.Build.0 = Debug|Any CPU
		{4D35AA74-5B3C-4DFC-B248-A164AAF96171}.Release|Any CPU.ActiveCfg = Release|Any CPU
		{4D35AA74-5B3C-4DFC-B248-A164AAF96171}.Release|Any CPU.Build.0 = Release|Any CPU
		{4D35AA74-5B3C-4DFC-B248-A164AAF96171}.Release|ARM.ActiveCfg = Release|Any CPU
		{4D35AA74-5B3C-4DFC-B248-A164AAF96171}.Release|ARM.Build.0 = Release|Any CPU
		{4D35AA74-5B3C-4DFC-B248-A164AAF96171}.Release|x64.ActiveCfg = Release|Any CPU
		{4D35AA74-5B3C-4DFC-B248-A164AAF96171}.Release|x64.Build.0 = Release|Any CPU
		{4D35AA74-5B3C-4DFC-B248-A164AAF96171}.Release|x86.ActiveCfg = Release|Any CPU
		{4D35AA74-5B3C-4DFC-B248-A164AAF96171}.Release|x86.Build.0 = Release|Any CPU
		{BF9040C4-9652-4109-9339-685C354F6290}.Debug|Any CPU.ActiveCfg = Debug|Any CPU
		{BF9040C4-9652-4109-9339-685C354F6290}.Debug|Any CPU.Build.0 = Debug|Any CPU
		{BF9040C4-9652-4109-9339-685C354F6290}.Debug|ARM.ActiveCfg = Debug|Any CPU
		{BF9040C4-9652-4109-9339-685C354F6290}.Debug|ARM.Build.0 = Debug|Any CPU
		{BF9040C4-9652-4109-9339-685C354F6290}.Debug|x64.ActiveCfg = Debug|Any CPU
		{BF9040C4-9652-4109-9339-685C354F6290}.Debug|x64.Build.0 = Debug|Any CPU
		{BF9040C4-9652-4109-9339-685C354F6290}.Debug|x86.ActiveCfg = Debug|Any CPU
		{BF9040C4-9652-4109-9339-685C354F6290}.Debug|x86.Build.0 = Debug|Any CPU
		{BF9040C4-9652-4109-9339-685C354F6290}.Release|Any CPU.ActiveCfg = Release|Any CPU
		{BF9040C4-9652-4109-9339-685C354F6290}.Release|Any CPU.Build.0 = Release|Any CPU
		{BF9040C4-9652-4109-9339-685C354F6290}.Release|ARM.ActiveCfg = Release|Any CPU
		{BF9040C4-9652-4109-9339-685C354F6290}.Release|ARM.Build.0 = Release|Any CPU
		{BF9040C4-9652-4109-9339-685C354F6290}.Release|x64.ActiveCfg = Release|Any CPU
		{BF9040C4-9652-4109-9339-685C354F6290}.Release|x64.Build.0 = Release|Any CPU
		{BF9040C4-9652-4109-9339-685C354F6290}.Release|x86.ActiveCfg = Release|Any CPU
		{BF9040C4-9652-4109-9339-685C354F6290}.Release|x86.Build.0 = Release|Any CPU
		{B36FE2B3-905C-4B95-9032-A85C464E16EC}.Debug|Any CPU.ActiveCfg = Debug|Any CPU
		{B36FE2B3-905C-4B95-9032-A85C464E16EC}.Debug|Any CPU.Build.0 = Debug|Any CPU
		{B36FE2B3-905C-4B95-9032-A85C464E16EC}.Debug|ARM.ActiveCfg = Debug|Any CPU
		{B36FE2B3-905C-4B95-9032-A85C464E16EC}.Debug|ARM.Build.0 = Debug|Any CPU
		{B36FE2B3-905C-4B95-9032-A85C464E16EC}.Debug|x64.ActiveCfg = Debug|Any CPU
		{B36FE2B3-905C-4B95-9032-A85C464E16EC}.Debug|x64.Build.0 = Debug|Any CPU
		{B36FE2B3-905C-4B95-9032-A85C464E16EC}.Debug|x86.ActiveCfg = Debug|Any CPU
		{B36FE2B3-905C-4B95-9032-A85C464E16EC}.Debug|x86.Build.0 = Debug|Any CPU
		{B36FE2B3-905C-4B95-9032-A85C464E16EC}.Release|Any CPU.ActiveCfg = Release|Any CPU
		{B36FE2B3-905C-4B95-9032-A85C464E16EC}.Release|Any CPU.Build.0 = Release|Any CPU
		{B36FE2B3-905C-4B95-9032-A85C464E16EC}.Release|ARM.ActiveCfg = Release|Any CPU
		{B36FE2B3-905C-4B95-9032-A85C464E16EC}.Release|ARM.Build.0 = Release|Any CPU
		{B36FE2B3-905C-4B95-9032-A85C464E16EC}.Release|x64.ActiveCfg = Release|Any CPU
		{B36FE2B3-905C-4B95-9032-A85C464E16EC}.Release|x64.Build.0 = Release|Any CPU
		{B36FE2B3-905C-4B95-9032-A85C464E16EC}.Release|x86.ActiveCfg = Release|Any CPU
		{B36FE2B3-905C-4B95-9032-A85C464E16EC}.Release|x86.Build.0 = Release|Any CPU
		{36D7DDFC-C005-436B-AB48-630A9482EE01}.Debug|Any CPU.ActiveCfg = Debug|Any CPU
		{36D7DDFC-C005-436B-AB48-630A9482EE01}.Debug|Any CPU.Build.0 = Debug|Any CPU
		{36D7DDFC-C005-436B-AB48-630A9482EE01}.Debug|ARM.ActiveCfg = Debug|Any CPU
		{36D7DDFC-C005-436B-AB48-630A9482EE01}.Debug|ARM.Build.0 = Debug|Any CPU
		{36D7DDFC-C005-436B-AB48-630A9482EE01}.Debug|x64.ActiveCfg = Debug|Any CPU
		{36D7DDFC-C005-436B-AB48-630A9482EE01}.Debug|x64.Build.0 = Debug|Any CPU
		{36D7DDFC-C005-436B-AB48-630A9482EE01}.Debug|x86.ActiveCfg = Debug|Any CPU
		{36D7DDFC-C005-436B-AB48-630A9482EE01}.Debug|x86.Build.0 = Debug|Any CPU
		{36D7DDFC-C005-436B-AB48-630A9482EE01}.Release|Any CPU.ActiveCfg = Release|Any CPU
		{36D7DDFC-C005-436B-AB48-630A9482EE01}.Release|Any CPU.Build.0 = Release|Any CPU
		{36D7DDFC-C005-436B-AB48-630A9482EE01}.Release|ARM.ActiveCfg = Release|Any CPU
		{36D7DDFC-C005-436B-AB48-630A9482EE01}.Release|ARM.Build.0 = Release|Any CPU
		{36D7DDFC-C005-436B-AB48-630A9482EE01}.Release|x64.ActiveCfg = Release|Any CPU
		{36D7DDFC-C005-436B-AB48-630A9482EE01}.Release|x64.Build.0 = Release|Any CPU
		{36D7DDFC-C005-436B-AB48-630A9482EE01}.Release|x86.ActiveCfg = Release|Any CPU
		{36D7DDFC-C005-436B-AB48-630A9482EE01}.Release|x86.Build.0 = Release|Any CPU
		{1E5983BC-C115-4DCA-9B78-1CCAF49112AC}.Debug|Any CPU.ActiveCfg = Debug|Any CPU
		{1E5983BC-C115-4DCA-9B78-1CCAF49112AC}.Debug|Any CPU.Build.0 = Debug|Any CPU
		{1E5983BC-C115-4DCA-9B78-1CCAF49112AC}.Debug|ARM.ActiveCfg = Debug|Any CPU
		{1E5983BC-C115-4DCA-9B78-1CCAF49112AC}.Debug|ARM.Build.0 = Debug|Any CPU
		{1E5983BC-C115-4DCA-9B78-1CCAF49112AC}.Debug|x64.ActiveCfg = Debug|Any CPU
		{1E5983BC-C115-4DCA-9B78-1CCAF49112AC}.Debug|x64.Build.0 = Debug|Any CPU
		{1E5983BC-C115-4DCA-9B78-1CCAF49112AC}.Debug|x86.ActiveCfg = Debug|Any CPU
		{1E5983BC-C115-4DCA-9B78-1CCAF49112AC}.Debug|x86.Build.0 = Debug|Any CPU
		{1E5983BC-C115-4DCA-9B78-1CCAF49112AC}.Release|Any CPU.ActiveCfg = Release|Any CPU
		{1E5983BC-C115-4DCA-9B78-1CCAF49112AC}.Release|Any CPU.Build.0 = Release|Any CPU
		{1E5983BC-C115-4DCA-9B78-1CCAF49112AC}.Release|ARM.ActiveCfg = Release|Any CPU
		{1E5983BC-C115-4DCA-9B78-1CCAF49112AC}.Release|ARM.Build.0 = Release|Any CPU
		{1E5983BC-C115-4DCA-9B78-1CCAF49112AC}.Release|x64.ActiveCfg = Release|Any CPU
		{1E5983BC-C115-4DCA-9B78-1CCAF49112AC}.Release|x64.Build.0 = Release|Any CPU
		{1E5983BC-C115-4DCA-9B78-1CCAF49112AC}.Release|x86.ActiveCfg = Release|Any CPU
		{1E5983BC-C115-4DCA-9B78-1CCAF49112AC}.Release|x86.Build.0 = Release|Any CPU
		{D6468583-4BFF-424B-B8EA-D83540570FD3}.Debug|Any CPU.ActiveCfg = Debug|x86
		{D6468583-4BFF-424B-B8EA-D83540570FD3}.Debug|ARM.ActiveCfg = Debug|ARM
		{D6468583-4BFF-424B-B8EA-D83540570FD3}.Debug|ARM.Build.0 = Debug|ARM
		{D6468583-4BFF-424B-B8EA-D83540570FD3}.Debug|ARM.Deploy.0 = Debug|ARM
		{D6468583-4BFF-424B-B8EA-D83540570FD3}.Debug|x64.ActiveCfg = Debug|x64
		{D6468583-4BFF-424B-B8EA-D83540570FD3}.Debug|x64.Build.0 = Debug|x64
		{D6468583-4BFF-424B-B8EA-D83540570FD3}.Debug|x64.Deploy.0 = Debug|x64
		{D6468583-4BFF-424B-B8EA-D83540570FD3}.Debug|x86.ActiveCfg = Debug|x86
		{D6468583-4BFF-424B-B8EA-D83540570FD3}.Debug|x86.Build.0 = Debug|x86
		{D6468583-4BFF-424B-B8EA-D83540570FD3}.Debug|x86.Deploy.0 = Debug|x86
		{D6468583-4BFF-424B-B8EA-D83540570FD3}.Release|Any CPU.ActiveCfg = Release|x86
		{D6468583-4BFF-424B-B8EA-D83540570FD3}.Release|ARM.ActiveCfg = Release|ARM
		{D6468583-4BFF-424B-B8EA-D83540570FD3}.Release|ARM.Build.0 = Release|ARM
		{D6468583-4BFF-424B-B8EA-D83540570FD3}.Release|ARM.Deploy.0 = Release|ARM
		{D6468583-4BFF-424B-B8EA-D83540570FD3}.Release|x64.ActiveCfg = Release|x64
		{D6468583-4BFF-424B-B8EA-D83540570FD3}.Release|x64.Build.0 = Release|x64
		{D6468583-4BFF-424B-B8EA-D83540570FD3}.Release|x64.Deploy.0 = Release|x64
		{D6468583-4BFF-424B-B8EA-D83540570FD3}.Release|x86.ActiveCfg = Release|x86
		{D6468583-4BFF-424B-B8EA-D83540570FD3}.Release|x86.Build.0 = Release|x86
		{D6468583-4BFF-424B-B8EA-D83540570FD3}.Release|x86.Deploy.0 = Release|x86
		{3C7AD472-B7E4-44E6-8615-998D71A9072A}.Debug|Any CPU.ActiveCfg = Debug|Win32
		{3C7AD472-B7E4-44E6-8615-998D71A9072A}.Debug|ARM.ActiveCfg = Debug|Win32
		{3C7AD472-B7E4-44E6-8615-998D71A9072A}.Debug|x64.ActiveCfg = Debug|x64
		{3C7AD472-B7E4-44E6-8615-998D71A9072A}.Debug|x64.Build.0 = Debug|x64
		{3C7AD472-B7E4-44E6-8615-998D71A9072A}.Debug|x86.ActiveCfg = Debug|Win32
		{3C7AD472-B7E4-44E6-8615-998D71A9072A}.Debug|x86.Build.0 = Debug|Win32
		{3C7AD472-B7E4-44E6-8615-998D71A9072A}.Release|Any CPU.ActiveCfg = Release|Win32
		{3C7AD472-B7E4-44E6-8615-998D71A9072A}.Release|ARM.ActiveCfg = Release|Win32
		{3C7AD472-B7E4-44E6-8615-998D71A9072A}.Release|x64.ActiveCfg = Release|x64
		{3C7AD472-B7E4-44E6-8615-998D71A9072A}.Release|x64.Build.0 = Release|x64
		{3C7AD472-B7E4-44E6-8615-998D71A9072A}.Release|x86.ActiveCfg = Release|Win32
		{3C7AD472-B7E4-44E6-8615-998D71A9072A}.Release|x86.Build.0 = Release|Win32
		{CFFB3AEB-C57B-4E7B-AFFC-CB0E57F8FC2F}.Debug|Any CPU.ActiveCfg = Debug|Win32
		{CFFB3AEB-C57B-4E7B-AFFC-CB0E57F8FC2F}.Debug|ARM.ActiveCfg = Debug|Win32
		{CFFB3AEB-C57B-4E7B-AFFC-CB0E57F8FC2F}.Debug|x64.ActiveCfg = Debug|x64
		{CFFB3AEB-C57B-4E7B-AFFC-CB0E57F8FC2F}.Debug|x64.Build.0 = Debug|x64
		{CFFB3AEB-C57B-4E7B-AFFC-CB0E57F8FC2F}.Debug|x86.ActiveCfg = Debug|Win32
		{CFFB3AEB-C57B-4E7B-AFFC-CB0E57F8FC2F}.Debug|x86.Build.0 = Debug|Win32
		{CFFB3AEB-C57B-4E7B-AFFC-CB0E57F8FC2F}.Release|Any CPU.ActiveCfg = Release|Win32
		{CFFB3AEB-C57B-4E7B-AFFC-CB0E57F8FC2F}.Release|ARM.ActiveCfg = Release|Win32
		{CFFB3AEB-C57B-4E7B-AFFC-CB0E57F8FC2F}.Release|x64.ActiveCfg = Release|x64
		{CFFB3AEB-C57B-4E7B-AFFC-CB0E57F8FC2F}.Release|x64.Build.0 = Release|x64
		{CFFB3AEB-C57B-4E7B-AFFC-CB0E57F8FC2F}.Release|x86.ActiveCfg = Release|Win32
		{CFFB3AEB-C57B-4E7B-AFFC-CB0E57F8FC2F}.Release|x86.Build.0 = Release|Win32
		{7AC4546C-B94B-4F36-B30F-7A7113341FF1}.Debug|Any CPU.ActiveCfg = Debug|Win32
		{7AC4546C-B94B-4F36-B30F-7A7113341FF1}.Debug|ARM.ActiveCfg = Debug|Win32
		{7AC4546C-B94B-4F36-B30F-7A7113341FF1}.Debug|x64.ActiveCfg = Debug|x64
		{7AC4546C-B94B-4F36-B30F-7A7113341FF1}.Debug|x64.Build.0 = Debug|x64
		{7AC4546C-B94B-4F36-B30F-7A7113341FF1}.Debug|x86.ActiveCfg = Debug|Win32
		{7AC4546C-B94B-4F36-B30F-7A7113341FF1}.Debug|x86.Build.0 = Debug|Win32
		{7AC4546C-B94B-4F36-B30F-7A7113341FF1}.Release|Any CPU.ActiveCfg = Release|Win32
		{7AC4546C-B94B-4F36-B30F-7A7113341FF1}.Release|ARM.ActiveCfg = Release|Win32
		{7AC4546C-B94B-4F36-B30F-7A7113341FF1}.Release|x64.ActiveCfg = Release|x64
		{7AC4546C-B94B-4F36-B30F-7A7113341FF1}.Release|x64.Build.0 = Release|x64
		{7AC4546C-B94B-4F36-B30F-7A7113341FF1}.Release|x86.ActiveCfg = Release|Win32
		{7AC4546C-B94B-4F36-B30F-7A7113341FF1}.Release|x86.Build.0 = Release|Win32
		{7A7BA243-1589-4E35-88DF-D1094F6198E3}.Debug|Any CPU.ActiveCfg = Debug|Win32
		{7A7BA243-1589-4E35-88DF-D1094F6198E3}.Debug|ARM.ActiveCfg = Debug|Win32
		{7A7BA243-1589-4E35-88DF-D1094F6198E3}.Debug|x64.ActiveCfg = Debug|x64
		{7A7BA243-1589-4E35-88DF-D1094F6198E3}.Debug|x64.Build.0 = Debug|x64
		{7A7BA243-1589-4E35-88DF-D1094F6198E3}.Debug|x86.ActiveCfg = Debug|Win32
		{7A7BA243-1589-4E35-88DF-D1094F6198E3}.Debug|x86.Build.0 = Debug|Win32
		{7A7BA243-1589-4E35-88DF-D1094F6198E3}.Release|Any CPU.ActiveCfg = Release|Win32
		{7A7BA243-1589-4E35-88DF-D1094F6198E3}.Release|ARM.ActiveCfg = Release|Win32
		{7A7BA243-1589-4E35-88DF-D1094F6198E3}.Release|x64.ActiveCfg = Release|x64
		{7A7BA243-1589-4E35-88DF-D1094F6198E3}.Release|x64.Build.0 = Release|x64
		{7A7BA243-1589-4E35-88DF-D1094F6198E3}.Release|x86.ActiveCfg = Release|Win32
		{7A7BA243-1589-4E35-88DF-D1094F6198E3}.Release|x86.Build.0 = Release|Win32
		{2AFAD3AB-4EA0-4722-BDDF-A95ABB91DA17}.Debug|Any CPU.ActiveCfg = Debug|Win32
		{2AFAD3AB-4EA0-4722-BDDF-A95ABB91DA17}.Debug|ARM.ActiveCfg = Debug|Win32
		{2AFAD3AB-4EA0-4722-BDDF-A95ABB91DA17}.Debug|x64.ActiveCfg = Debug|x64
		{2AFAD3AB-4EA0-4722-BDDF-A95ABB91DA17}.Debug|x64.Build.0 = Debug|x64
		{2AFAD3AB-4EA0-4722-BDDF-A95ABB91DA17}.Debug|x86.ActiveCfg = Debug|Win32
		{2AFAD3AB-4EA0-4722-BDDF-A95ABB91DA17}.Debug|x86.Build.0 = Debug|Win32
		{2AFAD3AB-4EA0-4722-BDDF-A95ABB91DA17}.Release|Any CPU.ActiveCfg = Release|Win32
		{2AFAD3AB-4EA0-4722-BDDF-A95ABB91DA17}.Release|ARM.ActiveCfg = Release|Win32
		{2AFAD3AB-4EA0-4722-BDDF-A95ABB91DA17}.Release|x64.ActiveCfg = Release|x64
		{2AFAD3AB-4EA0-4722-BDDF-A95ABB91DA17}.Release|x64.Build.0 = Release|x64
		{2AFAD3AB-4EA0-4722-BDDF-A95ABB91DA17}.Release|x86.ActiveCfg = Release|Win32
		{2AFAD3AB-4EA0-4722-BDDF-A95ABB91DA17}.Release|x86.Build.0 = Release|Win32
		{DE0FB28F-8160-4DD7-AD76-708A7B9BECC0}.Debug|Any CPU.ActiveCfg = Debug|Win32
		{DE0FB28F-8160-4DD7-AD76-708A7B9BECC0}.Debug|ARM.ActiveCfg = Debug|Win32
		{DE0FB28F-8160-4DD7-AD76-708A7B9BECC0}.Debug|x64.ActiveCfg = Debug|x64
		{DE0FB28F-8160-4DD7-AD76-708A7B9BECC0}.Debug|x64.Build.0 = Debug|x64
		{DE0FB28F-8160-4DD7-AD76-708A7B9BECC0}.Debug|x86.ActiveCfg = Debug|Win32
		{DE0FB28F-8160-4DD7-AD76-708A7B9BECC0}.Debug|x86.Build.0 = Debug|Win32
		{DE0FB28F-8160-4DD7-AD76-708A7B9BECC0}.Release|Any CPU.ActiveCfg = Release|Win32
		{DE0FB28F-8160-4DD7-AD76-708A7B9BECC0}.Release|ARM.ActiveCfg = Release|Win32
		{DE0FB28F-8160-4DD7-AD76-708A7B9BECC0}.Release|x64.ActiveCfg = Release|x64
		{DE0FB28F-8160-4DD7-AD76-708A7B9BECC0}.Release|x64.Build.0 = Release|x64
		{DE0FB28F-8160-4DD7-AD76-708A7B9BECC0}.Release|x86.ActiveCfg = Release|Win32
		{DE0FB28F-8160-4DD7-AD76-708A7B9BECC0}.Release|x86.Build.0 = Release|Win32
		{46BD5ED4-135C-4350-B701-38CC752CCE8A}.Debug|Any CPU.ActiveCfg = Debug|Win32
		{46BD5ED4-135C-4350-B701-38CC752CCE8A}.Debug|ARM.ActiveCfg = Debug|Win32
		{46BD5ED4-135C-4350-B701-38CC752CCE8A}.Debug|x64.ActiveCfg = Debug|x64
		{46BD5ED4-135C-4350-B701-38CC752CCE8A}.Debug|x64.Build.0 = Debug|x64
		{46BD5ED4-135C-4350-B701-38CC752CCE8A}.Debug|x86.ActiveCfg = Debug|Win32
		{46BD5ED4-135C-4350-B701-38CC752CCE8A}.Debug|x86.Build.0 = Debug|Win32
		{46BD5ED4-135C-4350-B701-38CC752CCE8A}.Release|Any CPU.ActiveCfg = Release|Win32
		{46BD5ED4-135C-4350-B701-38CC752CCE8A}.Release|ARM.ActiveCfg = Release|Win32
		{46BD5ED4-135C-4350-B701-38CC752CCE8A}.Release|x64.ActiveCfg = Release|x64
		{46BD5ED4-135C-4350-B701-38CC752CCE8A}.Release|x64.Build.0 = Release|x64
		{46BD5ED4-135C-4350-B701-38CC752CCE8A}.Release|x86.ActiveCfg = Release|Win32
		{46BD5ED4-135C-4350-B701-38CC752CCE8A}.Release|x86.Build.0 = Release|Win32
		{F1E322E1-5DE4-482B-8036-52CDE170123B}.Debug|Any CPU.ActiveCfg = Debug|Win32
		{F1E322E1-5DE4-482B-8036-52CDE170123B}.Debug|ARM.ActiveCfg = Debug|Win32
		{F1E322E1-5DE4-482B-8036-52CDE170123B}.Debug|x64.ActiveCfg = Debug|x64
		{F1E322E1-5DE4-482B-8036-52CDE170123B}.Debug|x64.Build.0 = Debug|x64
		{F1E322E1-5DE4-482B-8036-52CDE170123B}.Debug|x86.ActiveCfg = Debug|Win32
		{F1E322E1-5DE4-482B-8036-52CDE170123B}.Debug|x86.Build.0 = Debug|Win32
		{F1E322E1-5DE4-482B-8036-52CDE170123B}.Release|Any CPU.ActiveCfg = Release|Win32
		{F1E322E1-5DE4-482B-8036-52CDE170123B}.Release|ARM.ActiveCfg = Release|Win32
		{F1E322E1-5DE4-482B-8036-52CDE170123B}.Release|x64.ActiveCfg = Release|x64
		{F1E322E1-5DE4-482B-8036-52CDE170123B}.Release|x64.Build.0 = Release|x64
		{F1E322E1-5DE4-482B-8036-52CDE170123B}.Release|x86.ActiveCfg = Release|Win32
		{F1E322E1-5DE4-482B-8036-52CDE170123B}.Release|x86.Build.0 = Release|Win32
	EndGlobalSection
	GlobalSection(SolutionProperties) = preSolution
		HideSolutionNode = FALSE
	EndGlobalSection
	GlobalSection(NestedProjects) = preSolution
		{C9E47C3E-850F-43E7-8C07-B59A6BC57CF8} = {9E0E1429-17EF-4803-A446-DC191EA521B6}
		{3B0868EA-3030-43E2-B2B5-5E76DCB7ECB8} = {9E0E1429-17EF-4803-A446-DC191EA521B6}
		{CF02ABEB-AF45-4207-B9E1-7A758221C3BA} = {9E0E1429-17EF-4803-A446-DC191EA521B6}
		{C147C1C1-EB18-49FC-B4C9-18E03C57F636} = {9E0E1429-17EF-4803-A446-DC191EA521B6}
		{708BDAC4-B2AA-4A10-BF7B-3441763ECC72} = {9E0E1429-17EF-4803-A446-DC191EA521B6}
		{7A2EAAEA-6C8A-4D18-83B6-7ED44FCC3A5A} = {7906F6A0-8260-422F-BDAF-B1D7E5D6C744}
		{FBD59E7D-89B2-4E7E-AF13-301253601781} = {9E0E1429-17EF-4803-A446-DC191EA521B6}
		{7FCFD6A9-EF19-4D28-A9BD-6D6DE59D4CA8} = {9E0E1429-17EF-4803-A446-DC191EA521B6}
		{4D35AA74-5B3C-4DFC-B248-A164AAF96171} = {9E0E1429-17EF-4803-A446-DC191EA521B6}
		{36D7DDFC-C005-436B-AB48-630A9482EE01} = {9E0E1429-17EF-4803-A446-DC191EA521B6}
		{CFFB3AEB-C57B-4E7B-AFFC-CB0E57F8FC2F} = {502097CC-B0FC-47DE-A6D5-45468A1D830A}
		{7AC4546C-B94B-4F36-B30F-7A7113341FF1} = {502097CC-B0FC-47DE-A6D5-45468A1D830A}
		{7A7BA243-1589-4E35-88DF-D1094F6198E3} = {502097CC-B0FC-47DE-A6D5-45468A1D830A}
		{2AFAD3AB-4EA0-4722-BDDF-A95ABB91DA17} = {502097CC-B0FC-47DE-A6D5-45468A1D830A}
		{DE0FB28F-8160-4DD7-AD76-708A7B9BECC0} = {502097CC-B0FC-47DE-A6D5-45468A1D830A}
		{46BD5ED4-135C-4350-B701-38CC752CCE8A} = {502097CC-B0FC-47DE-A6D5-45468A1D830A}
		{F1E322E1-5DE4-482B-8036-52CDE170123B} = {502097CC-B0FC-47DE-A6D5-45468A1D830A}
	EndGlobalSection
EndGlobal
