
Microsoft Visual Studio Solution File, Format Version 12.00
# Visual Studio 14
VisualStudioVersion = 14.0.24720.0
MinimumVisualStudioVersion = 10.0.40219.1
Project("{2150E333-8FDC-42A3-9474-1A3956D46DE8}") = "Libs", "Libs", "{09A986A2-EC14-4132-BFA7-8FC1A66C3AB9}"
EndProject
Project("{2150E333-8FDC-42A3-9474-1A3956D46DE8}") = "Devices", "Devices", "{324B075A-470F-4CA1-B3DF-648F9EBBD037}"
EndProject
Project("{2150E333-8FDC-42A3-9474-1A3956D46DE8}") = "SoftwareNodes", "SoftwareNodes", "{6A5AFE86-9DF4-4CBD-ACFB-FA9B04BD9A7A}"
EndProject
Project("{8BB2217D-0F2D-49D1-97BC-3654ED321F3B}") = "WebController", "WebController\WebController.xproj", "{D5991617-7252-4C2F-B1E2-C8504339F24C}"
EndProject
Project("{FAE04EC0-301F-11D3-BF4B-00C04F79EFBC}") = "Utils", "Libs\Utils\Utils.csproj", "{9762FEE1-2655-4FEE-BDE4-390244CFA16A}"
EndProject
Project("{FAE04EC0-301F-11D3-BF4B-00C04F79EFBC}") = "Repositories.EF.SQLite", "Libs\Repositories.EF.SQLite\Repositories.EF.SQLite.csproj", "{0845A6B2-EC20-413B-B947-1472D10F93F9}"
EndProject
Project("{FAE04EC0-301F-11D3-BF4B-00C04F79EFBC}") = "Repositories.Dapper", "Libs\Repositories.Dapper\Repositories.Dapper.csproj", "{80CE261C-2829-445C-8DD6-CEDED5996EE9}"
EndProject
Project("{FAE04EC0-301F-11D3-BF4B-00C04F79EFBC}") = "Nodes", "Libs\Nodes\Nodes.csproj", "{D01DC889-34D8-41DB-A0E9-81BFB1FA1E1E}"
EndProject
Project("{FAE04EC0-301F-11D3-BF4B-00C04F79EFBC}") = "Nodes.MySensors", "Libs\Nodes.MySensors\Nodes.MySensors.csproj", "{2FF8C376-11AA-42A3-8A7E-446602584165}"
EndProject
Project("{FAE04EC0-301F-11D3-BF4B-00C04F79EFBC}") = "Nodes.UI", "Libs\Nodes.UI\Nodes.UI.csproj", "{55E6EE51-7DA0-48F3-91EE-0B18962E589C}"
EndProject
Project("{FAE04EC0-301F-11D3-BF4B-00C04F79EFBC}") = "Nodes.UITimer", "Libs\Nodes.UITimer\Nodes.UITimer.csproj", "{5C0BDA8E-7C8C-427D-9673-B18A05B05280}"
EndProject
Project("{8BC9CEB8-8B4A-11D0-8D11-00A0C91BC942}") = "Devices.SerialGateway", "Devices\Devices.SerialGateway\Devices.SerialGateway.vcxproj", "{4F7259D2-396E-47A1-9673-745CD8201002}"
EndProject
Project("{8BC9CEB8-8B4A-11D0-8D11-00A0C91BC942}") = "Devices.ClearEEPROM", "Devices\Devices.ClearEEPROM\Devices.ClearEEPROM.vcxproj", "{F3703AA6-E8E5-452F-BA8F-CF4E22F66408}"
EndProject
Project("{8BC9CEB8-8B4A-11D0-8D11-00A0C91BC942}") = "Devices.WeatherStation", "Devices\Devices.WeatherStation\Devices.WeatherStation.vcxproj", "{B09FBD71-7FEE-41AF-8C7D-529C4673006C}"
EndProject
Project("{8BC9CEB8-8B4A-11D0-8D11-00A0C91BC942}") = "Devices.IR", "Devices\Devices.IR\Devices.IR.vcxproj", "{AA06D1DD-D756-414F-ABF4-AF8BBE9BAF75}"
EndProject
Project("{8BC9CEB8-8B4A-11D0-8D11-00A0C91BC942}") = "Devices.RGBLight", "Devices\Devices.RGBLight\Devices.RGBLight.vcxproj", "{B4D606DE-3697-4E46-A7A9-18D0D4914AE1}"
EndProject
Project("{8BC9CEB8-8B4A-11D0-8D11-00A0C91BC942}") = "Devices.SimpleRGBLight", "Devices\Devices.SimpleRGBLight\Devices.SimpleRGBLight.vcxproj", "{DC9FF288-706C-4A36-B127-E33ECD916FEE}"
EndProject
Project("{FAE04EC0-301F-11D3-BF4B-00C04F79EFBC}") = "ScreenColorTransmitter", "SoftwareNodes\ScreenColorTransmitter\ScreenColorTransmitter.csproj", "{7A2EAAEA-6C8A-4D18-83B6-7ED44FCC3A5A}"
EndProject
Project("{FAE04EC0-301F-11D3-BF4B-00C04F79EFBC}") = "ScreenColorTransmitterSignalR", "SoftwareNodes\ScreenColorTransmitterSignalR\ScreenColorTransmitterSignalR.csproj", "{1AA4E1FF-1F56-47D5-840C-9D99D872D6E1}"
EndProject
Project("{FAE04EC0-301F-11D3-BF4B-00C04F79EFBC}") = "SoftNodes", "Libs\SoftNodes\SoftNodes.csproj", "{78E89270-4B85-4092-8C59-CCBD92C68975}"
EndProject
Project("{FAE04EC0-301F-11D3-BF4B-00C04F79EFBC}") = "Users", "Libs\Users\Users.csproj", "{564C8900-69C2-4756-AE54-FA254C92D5A6}"
EndProject
Project("{FAE04EC0-301F-11D3-BF4B-00C04F79EFBC}") = "Gateways.MySensors", "Libs\Gateways.MySensors\Gateways.MySensors.csproj", "{C323003B-AFA8-464A-B3CA-18F07DD6CDEE}"
EndProject
Global
	GlobalSection(SolutionConfigurationPlatforms) = preSolution
		Debug|Any CPU = Debug|Any CPU
		Debug|ARM = Debug|ARM
		Debug|x64 = Debug|x64
		Debug|x86 = Debug|x86
		Release|Any CPU = Release|Any CPU
		Release|ARM = Release|ARM
		Release|x64 = Release|x64
		Release|x86 = Release|x86
	EndGlobalSection
	GlobalSection(ProjectConfigurationPlatforms) = postSolution
		{D5991617-7252-4C2F-B1E2-C8504339F24C}.Debug|Any CPU.ActiveCfg = Debug|Any CPU
		{D5991617-7252-4C2F-B1E2-C8504339F24C}.Debug|Any CPU.Build.0 = Debug|Any CPU
		{D5991617-7252-4C2F-B1E2-C8504339F24C}.Debug|ARM.ActiveCfg = Debug|Any CPU
		{D5991617-7252-4C2F-B1E2-C8504339F24C}.Debug|ARM.Build.0 = Debug|Any CPU
		{D5991617-7252-4C2F-B1E2-C8504339F24C}.Debug|x64.ActiveCfg = Debug|Any CPU
		{D5991617-7252-4C2F-B1E2-C8504339F24C}.Debug|x64.Build.0 = Debug|Any CPU
		{D5991617-7252-4C2F-B1E2-C8504339F24C}.Debug|x86.ActiveCfg = Debug|Any CPU
		{D5991617-7252-4C2F-B1E2-C8504339F24C}.Debug|x86.Build.0 = Debug|Any CPU
		{D5991617-7252-4C2F-B1E2-C8504339F24C}.Release|Any CPU.ActiveCfg = Release|Any CPU
		{D5991617-7252-4C2F-B1E2-C8504339F24C}.Release|Any CPU.Build.0 = Release|Any CPU
		{D5991617-7252-4C2F-B1E2-C8504339F24C}.Release|ARM.ActiveCfg = Release|Any CPU
		{D5991617-7252-4C2F-B1E2-C8504339F24C}.Release|ARM.Build.0 = Release|Any CPU
		{D5991617-7252-4C2F-B1E2-C8504339F24C}.Release|x64.ActiveCfg = Release|Any CPU
		{D5991617-7252-4C2F-B1E2-C8504339F24C}.Release|x64.Build.0 = Release|Any CPU
		{D5991617-7252-4C2F-B1E2-C8504339F24C}.Release|x86.ActiveCfg = Release|Any CPU
		{D5991617-7252-4C2F-B1E2-C8504339F24C}.Release|x86.Build.0 = Release|Any CPU
		{9762FEE1-2655-4FEE-BDE4-390244CFA16A}.Debug|Any CPU.ActiveCfg = Debug|Any CPU
		{9762FEE1-2655-4FEE-BDE4-390244CFA16A}.Debug|Any CPU.Build.0 = Debug|Any CPU
		{9762FEE1-2655-4FEE-BDE4-390244CFA16A}.Debug|ARM.ActiveCfg = Debug|Any CPU
		{9762FEE1-2655-4FEE-BDE4-390244CFA16A}.Debug|ARM.Build.0 = Debug|Any CPU
		{9762FEE1-2655-4FEE-BDE4-390244CFA16A}.Debug|x64.ActiveCfg = Debug|Any CPU
		{9762FEE1-2655-4FEE-BDE4-390244CFA16A}.Debug|x64.Build.0 = Debug|Any CPU
		{9762FEE1-2655-4FEE-BDE4-390244CFA16A}.Debug|x86.ActiveCfg = Debug|Any CPU
		{9762FEE1-2655-4FEE-BDE4-390244CFA16A}.Debug|x86.Build.0 = Debug|Any CPU
		{9762FEE1-2655-4FEE-BDE4-390244CFA16A}.Release|Any CPU.ActiveCfg = Release|Any CPU
		{9762FEE1-2655-4FEE-BDE4-390244CFA16A}.Release|Any CPU.Build.0 = Release|Any CPU
		{9762FEE1-2655-4FEE-BDE4-390244CFA16A}.Release|ARM.ActiveCfg = Release|Any CPU
		{9762FEE1-2655-4FEE-BDE4-390244CFA16A}.Release|ARM.Build.0 = Release|Any CPU
		{9762FEE1-2655-4FEE-BDE4-390244CFA16A}.Release|x64.ActiveCfg = Release|Any CPU
		{9762FEE1-2655-4FEE-BDE4-390244CFA16A}.Release|x64.Build.0 = Release|Any CPU
		{9762FEE1-2655-4FEE-BDE4-390244CFA16A}.Release|x86.ActiveCfg = Release|Any CPU
		{9762FEE1-2655-4FEE-BDE4-390244CFA16A}.Release|x86.Build.0 = Release|Any CPU
		{0845A6B2-EC20-413B-B947-1472D10F93F9}.Debug|Any CPU.ActiveCfg = Debug|Any CPU
		{0845A6B2-EC20-413B-B947-1472D10F93F9}.Debug|Any CPU.Build.0 = Debug|Any CPU
		{0845A6B2-EC20-413B-B947-1472D10F93F9}.Debug|ARM.ActiveCfg = Debug|Any CPU
		{0845A6B2-EC20-413B-B947-1472D10F93F9}.Debug|ARM.Build.0 = Debug|Any CPU
		{0845A6B2-EC20-413B-B947-1472D10F93F9}.Debug|x64.ActiveCfg = Debug|Any CPU
		{0845A6B2-EC20-413B-B947-1472D10F93F9}.Debug|x64.Build.0 = Debug|Any CPU
		{0845A6B2-EC20-413B-B947-1472D10F93F9}.Debug|x86.ActiveCfg = Debug|Any CPU
		{0845A6B2-EC20-413B-B947-1472D10F93F9}.Debug|x86.Build.0 = Debug|Any CPU
		{0845A6B2-EC20-413B-B947-1472D10F93F9}.Release|Any CPU.ActiveCfg = Release|Any CPU
		{0845A6B2-EC20-413B-B947-1472D10F93F9}.Release|Any CPU.Build.0 = Release|Any CPU
		{0845A6B2-EC20-413B-B947-1472D10F93F9}.Release|ARM.ActiveCfg = Release|Any CPU
		{0845A6B2-EC20-413B-B947-1472D10F93F9}.Release|ARM.Build.0 = Release|Any CPU
		{0845A6B2-EC20-413B-B947-1472D10F93F9}.Release|x64.ActiveCfg = Release|Any CPU
		{0845A6B2-EC20-413B-B947-1472D10F93F9}.Release|x64.Build.0 = Release|Any CPU
		{0845A6B2-EC20-413B-B947-1472D10F93F9}.Release|x86.ActiveCfg = Release|Any CPU
		{0845A6B2-EC20-413B-B947-1472D10F93F9}.Release|x86.Build.0 = Release|Any CPU
		{80CE261C-2829-445C-8DD6-CEDED5996EE9}.Debug|Any CPU.ActiveCfg = Debug|Any CPU
		{80CE261C-2829-445C-8DD6-CEDED5996EE9}.Debug|Any CPU.Build.0 = Debug|Any CPU
		{80CE261C-2829-445C-8DD6-CEDED5996EE9}.Debug|ARM.ActiveCfg = Debug|Any CPU
		{80CE261C-2829-445C-8DD6-CEDED5996EE9}.Debug|ARM.Build.0 = Debug|Any CPU
		{80CE261C-2829-445C-8DD6-CEDED5996EE9}.Debug|x64.ActiveCfg = Debug|Any CPU
		{80CE261C-2829-445C-8DD6-CEDED5996EE9}.Debug|x64.Build.0 = Debug|Any CPU
		{80CE261C-2829-445C-8DD6-CEDED5996EE9}.Debug|x86.ActiveCfg = Debug|Any CPU
		{80CE261C-2829-445C-8DD6-CEDED5996EE9}.Debug|x86.Build.0 = Debug|Any CPU
		{80CE261C-2829-445C-8DD6-CEDED5996EE9}.Release|Any CPU.ActiveCfg = Release|Any CPU
		{80CE261C-2829-445C-8DD6-CEDED5996EE9}.Release|Any CPU.Build.0 = Release|Any CPU
		{80CE261C-2829-445C-8DD6-CEDED5996EE9}.Release|ARM.ActiveCfg = Release|Any CPU
		{80CE261C-2829-445C-8DD6-CEDED5996EE9}.Release|ARM.Build.0 = Release|Any CPU
		{80CE261C-2829-445C-8DD6-CEDED5996EE9}.Release|x64.ActiveCfg = Release|Any CPU
		{80CE261C-2829-445C-8DD6-CEDED5996EE9}.Release|x64.Build.0 = Release|Any CPU
		{80CE261C-2829-445C-8DD6-CEDED5996EE9}.Release|x86.ActiveCfg = Release|Any CPU
		{80CE261C-2829-445C-8DD6-CEDED5996EE9}.Release|x86.Build.0 = Release|Any CPU
		{D01DC889-34D8-41DB-A0E9-81BFB1FA1E1E}.Debug|Any CPU.ActiveCfg = Debug|Any CPU
		{D01DC889-34D8-41DB-A0E9-81BFB1FA1E1E}.Debug|Any CPU.Build.0 = Debug|Any CPU
		{D01DC889-34D8-41DB-A0E9-81BFB1FA1E1E}.Debug|ARM.ActiveCfg = Debug|Any CPU
		{D01DC889-34D8-41DB-A0E9-81BFB1FA1E1E}.Debug|ARM.Build.0 = Debug|Any CPU
		{D01DC889-34D8-41DB-A0E9-81BFB1FA1E1E}.Debug|x64.ActiveCfg = Debug|Any CPU
		{D01DC889-34D8-41DB-A0E9-81BFB1FA1E1E}.Debug|x64.Build.0 = Debug|Any CPU
		{D01DC889-34D8-41DB-A0E9-81BFB1FA1E1E}.Debug|x86.ActiveCfg = Debug|Any CPU
		{D01DC889-34D8-41DB-A0E9-81BFB1FA1E1E}.Debug|x86.Build.0 = Debug|Any CPU
		{D01DC889-34D8-41DB-A0E9-81BFB1FA1E1E}.Release|Any CPU.ActiveCfg = Release|Any CPU
		{D01DC889-34D8-41DB-A0E9-81BFB1FA1E1E}.Release|Any CPU.Build.0 = Release|Any CPU
		{D01DC889-34D8-41DB-A0E9-81BFB1FA1E1E}.Release|ARM.ActiveCfg = Release|Any CPU
		{D01DC889-34D8-41DB-A0E9-81BFB1FA1E1E}.Release|ARM.Build.0 = Release|Any CPU
		{D01DC889-34D8-41DB-A0E9-81BFB1FA1E1E}.Release|x64.ActiveCfg = Release|Any CPU
		{D01DC889-34D8-41DB-A0E9-81BFB1FA1E1E}.Release|x64.Build.0 = Release|Any CPU
		{D01DC889-34D8-41DB-A0E9-81BFB1FA1E1E}.Release|x86.ActiveCfg = Release|Any CPU
		{D01DC889-34D8-41DB-A0E9-81BFB1FA1E1E}.Release|x86.Build.0 = Release|Any CPU
		{2FF8C376-11AA-42A3-8A7E-446602584165}.Debug|Any CPU.ActiveCfg = Debug|Any CPU
		{2FF8C376-11AA-42A3-8A7E-446602584165}.Debug|Any CPU.Build.0 = Debug|Any CPU
		{2FF8C376-11AA-42A3-8A7E-446602584165}.Debug|ARM.ActiveCfg = Debug|Any CPU
		{2FF8C376-11AA-42A3-8A7E-446602584165}.Debug|ARM.Build.0 = Debug|Any CPU
		{2FF8C376-11AA-42A3-8A7E-446602584165}.Debug|x64.ActiveCfg = Debug|Any CPU
		{2FF8C376-11AA-42A3-8A7E-446602584165}.Debug|x64.Build.0 = Debug|Any CPU
		{2FF8C376-11AA-42A3-8A7E-446602584165}.Debug|x86.ActiveCfg = Debug|Any CPU
		{2FF8C376-11AA-42A3-8A7E-446602584165}.Debug|x86.Build.0 = Debug|Any CPU
		{2FF8C376-11AA-42A3-8A7E-446602584165}.Release|Any CPU.ActiveCfg = Release|Any CPU
		{2FF8C376-11AA-42A3-8A7E-446602584165}.Release|Any CPU.Build.0 = Release|Any CPU
		{2FF8C376-11AA-42A3-8A7E-446602584165}.Release|ARM.ActiveCfg = Release|Any CPU
		{2FF8C376-11AA-42A3-8A7E-446602584165}.Release|ARM.Build.0 = Release|Any CPU
		{2FF8C376-11AA-42A3-8A7E-446602584165}.Release|x64.ActiveCfg = Release|Any CPU
		{2FF8C376-11AA-42A3-8A7E-446602584165}.Release|x64.Build.0 = Release|Any CPU
		{2FF8C376-11AA-42A3-8A7E-446602584165}.Release|x86.ActiveCfg = Release|Any CPU
		{2FF8C376-11AA-42A3-8A7E-446602584165}.Release|x86.Build.0 = Release|Any CPU
		{55E6EE51-7DA0-48F3-91EE-0B18962E589C}.Debug|Any CPU.ActiveCfg = Debug|Any CPU
		{55E6EE51-7DA0-48F3-91EE-0B18962E589C}.Debug|Any CPU.Build.0 = Debug|Any CPU
		{55E6EE51-7DA0-48F3-91EE-0B18962E589C}.Debug|ARM.ActiveCfg = Debug|Any CPU
		{55E6EE51-7DA0-48F3-91EE-0B18962E589C}.Debug|ARM.Build.0 = Debug|Any CPU
		{55E6EE51-7DA0-48F3-91EE-0B18962E589C}.Debug|x64.ActiveCfg = Debug|Any CPU
		{55E6EE51-7DA0-48F3-91EE-0B18962E589C}.Debug|x64.Build.0 = Debug|Any CPU
		{55E6EE51-7DA0-48F3-91EE-0B18962E589C}.Debug|x86.ActiveCfg = Debug|Any CPU
		{55E6EE51-7DA0-48F3-91EE-0B18962E589C}.Debug|x86.Build.0 = Debug|Any CPU
		{55E6EE51-7DA0-48F3-91EE-0B18962E589C}.Release|Any CPU.ActiveCfg = Release|Any CPU
		{55E6EE51-7DA0-48F3-91EE-0B18962E589C}.Release|Any CPU.Build.0 = Release|Any CPU
		{55E6EE51-7DA0-48F3-91EE-0B18962E589C}.Release|ARM.ActiveCfg = Release|Any CPU
		{55E6EE51-7DA0-48F3-91EE-0B18962E589C}.Release|ARM.Build.0 = Release|Any CPU
		{55E6EE51-7DA0-48F3-91EE-0B18962E589C}.Release|x64.ActiveCfg = Release|Any CPU
		{55E6EE51-7DA0-48F3-91EE-0B18962E589C}.Release|x64.Build.0 = Release|Any CPU
		{55E6EE51-7DA0-48F3-91EE-0B18962E589C}.Release|x86.ActiveCfg = Release|Any CPU
		{55E6EE51-7DA0-48F3-91EE-0B18962E589C}.Release|x86.Build.0 = Release|Any CPU
		{5C0BDA8E-7C8C-427D-9673-B18A05B05280}.Debug|Any CPU.ActiveCfg = Debug|Any CPU
		{5C0BDA8E-7C8C-427D-9673-B18A05B05280}.Debug|Any CPU.Build.0 = Debug|Any CPU
		{5C0BDA8E-7C8C-427D-9673-B18A05B05280}.Debug|ARM.ActiveCfg = Debug|Any CPU
		{5C0BDA8E-7C8C-427D-9673-B18A05B05280}.Debug|ARM.Build.0 = Debug|Any CPU
		{5C0BDA8E-7C8C-427D-9673-B18A05B05280}.Debug|x64.ActiveCfg = Debug|Any CPU
		{5C0BDA8E-7C8C-427D-9673-B18A05B05280}.Debug|x64.Build.0 = Debug|Any CPU
		{5C0BDA8E-7C8C-427D-9673-B18A05B05280}.Debug|x86.ActiveCfg = Debug|Any CPU
		{5C0BDA8E-7C8C-427D-9673-B18A05B05280}.Debug|x86.Build.0 = Debug|Any CPU
		{5C0BDA8E-7C8C-427D-9673-B18A05B05280}.Release|Any CPU.ActiveCfg = Release|Any CPU
		{5C0BDA8E-7C8C-427D-9673-B18A05B05280}.Release|Any CPU.Build.0 = Release|Any CPU
		{5C0BDA8E-7C8C-427D-9673-B18A05B05280}.Release|ARM.ActiveCfg = Release|Any CPU
		{5C0BDA8E-7C8C-427D-9673-B18A05B05280}.Release|ARM.Build.0 = Release|Any CPU
		{5C0BDA8E-7C8C-427D-9673-B18A05B05280}.Release|x64.ActiveCfg = Release|Any CPU
		{5C0BDA8E-7C8C-427D-9673-B18A05B05280}.Release|x64.Build.0 = Release|Any CPU
		{5C0BDA8E-7C8C-427D-9673-B18A05B05280}.Release|x86.ActiveCfg = Release|Any CPU
		{5C0BDA8E-7C8C-427D-9673-B18A05B05280}.Release|x86.Build.0 = Release|Any CPU
		{4F7259D2-396E-47A1-9673-745CD8201002}.Debug|Any CPU.ActiveCfg = Debug|Win32
		{4F7259D2-396E-47A1-9673-745CD8201002}.Debug|ARM.ActiveCfg = Debug|Win32
		{4F7259D2-396E-47A1-9673-745CD8201002}.Debug|x64.ActiveCfg = Debug|x64
		{4F7259D2-396E-47A1-9673-745CD8201002}.Debug|x64.Build.0 = Debug|x64
		{4F7259D2-396E-47A1-9673-745CD8201002}.Debug|x86.ActiveCfg = Debug|Win32
		{4F7259D2-396E-47A1-9673-745CD8201002}.Debug|x86.Build.0 = Debug|Win32
		{4F7259D2-396E-47A1-9673-745CD8201002}.Release|Any CPU.ActiveCfg = Release|Win32
		{4F7259D2-396E-47A1-9673-745CD8201002}.Release|ARM.ActiveCfg = Release|Win32
		{4F7259D2-396E-47A1-9673-745CD8201002}.Release|x64.ActiveCfg = Release|x64
		{4F7259D2-396E-47A1-9673-745CD8201002}.Release|x64.Build.0 = Release|x64
		{4F7259D2-396E-47A1-9673-745CD8201002}.Release|x86.ActiveCfg = Release|Win32
		{4F7259D2-396E-47A1-9673-745CD8201002}.Release|x86.Build.0 = Release|Win32
		{F3703AA6-E8E5-452F-BA8F-CF4E22F66408}.Debug|Any CPU.ActiveCfg = Debug|Win32
		{F3703AA6-E8E5-452F-BA8F-CF4E22F66408}.Debug|ARM.ActiveCfg = Debug|Win32
		{F3703AA6-E8E5-452F-BA8F-CF4E22F66408}.Debug|x64.ActiveCfg = Debug|x64
		{F3703AA6-E8E5-452F-BA8F-CF4E22F66408}.Debug|x64.Build.0 = Debug|x64
		{F3703AA6-E8E5-452F-BA8F-CF4E22F66408}.Debug|x86.ActiveCfg = Debug|Win32
		{F3703AA6-E8E5-452F-BA8F-CF4E22F66408}.Debug|x86.Build.0 = Debug|Win32
		{F3703AA6-E8E5-452F-BA8F-CF4E22F66408}.Release|Any CPU.ActiveCfg = Release|Win32
		{F3703AA6-E8E5-452F-BA8F-CF4E22F66408}.Release|ARM.ActiveCfg = Release|Win32
		{F3703AA6-E8E5-452F-BA8F-CF4E22F66408}.Release|x64.ActiveCfg = Release|x64
		{F3703AA6-E8E5-452F-BA8F-CF4E22F66408}.Release|x64.Build.0 = Release|x64
		{F3703AA6-E8E5-452F-BA8F-CF4E22F66408}.Release|x86.ActiveCfg = Release|Win32
		{F3703AA6-E8E5-452F-BA8F-CF4E22F66408}.Release|x86.Build.0 = Release|Win32
		{B09FBD71-7FEE-41AF-8C7D-529C4673006C}.Debug|Any CPU.ActiveCfg = Debug|Win32
		{B09FBD71-7FEE-41AF-8C7D-529C4673006C}.Debug|ARM.ActiveCfg = Debug|Win32
		{B09FBD71-7FEE-41AF-8C7D-529C4673006C}.Debug|x64.ActiveCfg = Debug|x64
		{B09FBD71-7FEE-41AF-8C7D-529C4673006C}.Debug|x64.Build.0 = Debug|x64
		{B09FBD71-7FEE-41AF-8C7D-529C4673006C}.Debug|x86.ActiveCfg = Debug|Win32
		{B09FBD71-7FEE-41AF-8C7D-529C4673006C}.Debug|x86.Build.0 = Debug|Win32
		{B09FBD71-7FEE-41AF-8C7D-529C4673006C}.Release|Any CPU.ActiveCfg = Release|Win32
		{B09FBD71-7FEE-41AF-8C7D-529C4673006C}.Release|ARM.ActiveCfg = Release|Win32
		{B09FBD71-7FEE-41AF-8C7D-529C4673006C}.Release|x64.ActiveCfg = Release|x64
		{B09FBD71-7FEE-41AF-8C7D-529C4673006C}.Release|x64.Build.0 = Release|x64
		{B09FBD71-7FEE-41AF-8C7D-529C4673006C}.Release|x86.ActiveCfg = Release|Win32
		{B09FBD71-7FEE-41AF-8C7D-529C4673006C}.Release|x86.Build.0 = Release|Win32
		{AA06D1DD-D756-414F-ABF4-AF8BBE9BAF75}.Debug|Any CPU.ActiveCfg = Debug|Win32
		{AA06D1DD-D756-414F-ABF4-AF8BBE9BAF75}.Debug|ARM.ActiveCfg = Debug|Win32
		{AA06D1DD-D756-414F-ABF4-AF8BBE9BAF75}.Debug|x64.ActiveCfg = Debug|x64
		{AA06D1DD-D756-414F-ABF4-AF8BBE9BAF75}.Debug|x64.Build.0 = Debug|x64
		{AA06D1DD-D756-414F-ABF4-AF8BBE9BAF75}.Debug|x86.ActiveCfg = Debug|Win32
		{AA06D1DD-D756-414F-ABF4-AF8BBE9BAF75}.Debug|x86.Build.0 = Debug|Win32
		{AA06D1DD-D756-414F-ABF4-AF8BBE9BAF75}.Release|Any CPU.ActiveCfg = Release|Win32
		{AA06D1DD-D756-414F-ABF4-AF8BBE9BAF75}.Release|ARM.ActiveCfg = Release|Win32
		{AA06D1DD-D756-414F-ABF4-AF8BBE9BAF75}.Release|x64.ActiveCfg = Release|x64
		{AA06D1DD-D756-414F-ABF4-AF8BBE9BAF75}.Release|x64.Build.0 = Release|x64
		{AA06D1DD-D756-414F-ABF4-AF8BBE9BAF75}.Release|x86.ActiveCfg = Release|Win32
		{AA06D1DD-D756-414F-ABF4-AF8BBE9BAF75}.Release|x86.Build.0 = Release|Win32
		{B4D606DE-3697-4E46-A7A9-18D0D4914AE1}.Debug|Any CPU.ActiveCfg = Debug|Win32
		{B4D606DE-3697-4E46-A7A9-18D0D4914AE1}.Debug|ARM.ActiveCfg = Debug|Win32
		{B4D606DE-3697-4E46-A7A9-18D0D4914AE1}.Debug|x64.ActiveCfg = Debug|x64
		{B4D606DE-3697-4E46-A7A9-18D0D4914AE1}.Debug|x64.Build.0 = Debug|x64
		{B4D606DE-3697-4E46-A7A9-18D0D4914AE1}.Debug|x86.ActiveCfg = Debug|Win32
		{B4D606DE-3697-4E46-A7A9-18D0D4914AE1}.Debug|x86.Build.0 = Debug|Win32
		{B4D606DE-3697-4E46-A7A9-18D0D4914AE1}.Release|Any CPU.ActiveCfg = Release|Win32
		{B4D606DE-3697-4E46-A7A9-18D0D4914AE1}.Release|ARM.ActiveCfg = Release|Win32
		{B4D606DE-3697-4E46-A7A9-18D0D4914AE1}.Release|x64.ActiveCfg = Release|x64
		{B4D606DE-3697-4E46-A7A9-18D0D4914AE1}.Release|x64.Build.0 = Release|x64
		{B4D606DE-3697-4E46-A7A9-18D0D4914AE1}.Release|x86.ActiveCfg = Release|Win32
		{B4D606DE-3697-4E46-A7A9-18D0D4914AE1}.Release|x86.Build.0 = Release|Win32
		{DC9FF288-706C-4A36-B127-E33ECD916FEE}.Debug|Any CPU.ActiveCfg = Debug|Win32
		{DC9FF288-706C-4A36-B127-E33ECD916FEE}.Debug|ARM.ActiveCfg = Debug|Win32
		{DC9FF288-706C-4A36-B127-E33ECD916FEE}.Debug|x64.ActiveCfg = Debug|x64
		{DC9FF288-706C-4A36-B127-E33ECD916FEE}.Debug|x64.Build.0 = Debug|x64
		{DC9FF288-706C-4A36-B127-E33ECD916FEE}.Debug|x86.ActiveCfg = Debug|Win32
		{DC9FF288-706C-4A36-B127-E33ECD916FEE}.Debug|x86.Build.0 = Debug|Win32
		{DC9FF288-706C-4A36-B127-E33ECD916FEE}.Release|Any CPU.ActiveCfg = Release|Win32
		{DC9FF288-706C-4A36-B127-E33ECD916FEE}.Release|ARM.ActiveCfg = Release|Win32
		{DC9FF288-706C-4A36-B127-E33ECD916FEE}.Release|x64.ActiveCfg = Release|x64
		{DC9FF288-706C-4A36-B127-E33ECD916FEE}.Release|x64.Build.0 = Release|x64
		{DC9FF288-706C-4A36-B127-E33ECD916FEE}.Release|x86.ActiveCfg = Release|Win32
		{DC9FF288-706C-4A36-B127-E33ECD916FEE}.Release|x86.Build.0 = Release|Win32
		{7A2EAAEA-6C8A-4D18-83B6-7ED44FCC3A5A}.Debug|Any CPU.ActiveCfg = Debug|Any CPU
		{7A2EAAEA-6C8A-4D18-83B6-7ED44FCC3A5A}.Debug|Any CPU.Build.0 = Debug|Any CPU
		{7A2EAAEA-6C8A-4D18-83B6-7ED44FCC3A5A}.Debug|ARM.ActiveCfg = Debug|Any CPU
		{7A2EAAEA-6C8A-4D18-83B6-7ED44FCC3A5A}.Debug|ARM.Build.0 = Debug|Any CPU
		{7A2EAAEA-6C8A-4D18-83B6-7ED44FCC3A5A}.Debug|x64.ActiveCfg = Debug|Any CPU
		{7A2EAAEA-6C8A-4D18-83B6-7ED44FCC3A5A}.Debug|x64.Build.0 = Debug|Any CPU
		{7A2EAAEA-6C8A-4D18-83B6-7ED44FCC3A5A}.Debug|x86.ActiveCfg = Debug|Any CPU
		{7A2EAAEA-6C8A-4D18-83B6-7ED44FCC3A5A}.Debug|x86.Build.0 = Debug|Any CPU
		{7A2EAAEA-6C8A-4D18-83B6-7ED44FCC3A5A}.Release|Any CPU.ActiveCfg = Release|Any CPU
		{7A2EAAEA-6C8A-4D18-83B6-7ED44FCC3A5A}.Release|Any CPU.Build.0 = Release|Any CPU
		{7A2EAAEA-6C8A-4D18-83B6-7ED44FCC3A5A}.Release|ARM.ActiveCfg = Release|Any CPU
		{7A2EAAEA-6C8A-4D18-83B6-7ED44FCC3A5A}.Release|ARM.Build.0 = Release|Any CPU
		{7A2EAAEA-6C8A-4D18-83B6-7ED44FCC3A5A}.Release|x64.ActiveCfg = Release|Any CPU
		{7A2EAAEA-6C8A-4D18-83B6-7ED44FCC3A5A}.Release|x64.Build.0 = Release|Any CPU
		{7A2EAAEA-6C8A-4D18-83B6-7ED44FCC3A5A}.Release|x86.ActiveCfg = Release|Any CPU
		{7A2EAAEA-6C8A-4D18-83B6-7ED44FCC3A5A}.Release|x86.Build.0 = Release|Any CPU
		{1AA4E1FF-1F56-47D5-840C-9D99D872D6E1}.Debug|Any CPU.ActiveCfg = Debug|Any CPU
		{1AA4E1FF-1F56-47D5-840C-9D99D872D6E1}.Debug|Any CPU.Build.0 = Debug|Any CPU
		{1AA4E1FF-1F56-47D5-840C-9D99D872D6E1}.Debug|ARM.ActiveCfg = Debug|Any CPU
		{1AA4E1FF-1F56-47D5-840C-9D99D872D6E1}.Debug|ARM.Build.0 = Debug|Any CPU
		{1AA4E1FF-1F56-47D5-840C-9D99D872D6E1}.Debug|x64.ActiveCfg = Debug|Any CPU
		{1AA4E1FF-1F56-47D5-840C-9D99D872D6E1}.Debug|x64.Build.0 = Debug|Any CPU
		{1AA4E1FF-1F56-47D5-840C-9D99D872D6E1}.Debug|x86.ActiveCfg = Debug|Any CPU
		{1AA4E1FF-1F56-47D5-840C-9D99D872D6E1}.Debug|x86.Build.0 = Debug|Any CPU
		{1AA4E1FF-1F56-47D5-840C-9D99D872D6E1}.Release|Any CPU.ActiveCfg = Release|Any CPU
		{1AA4E1FF-1F56-47D5-840C-9D99D872D6E1}.Release|Any CPU.Build.0 = Release|Any CPU
		{1AA4E1FF-1F56-47D5-840C-9D99D872D6E1}.Release|ARM.ActiveCfg = Release|Any CPU
		{1AA4E1FF-1F56-47D5-840C-9D99D872D6E1}.Release|ARM.Build.0 = Release|Any CPU
		{1AA4E1FF-1F56-47D5-840C-9D99D872D6E1}.Release|x64.ActiveCfg = Release|Any CPU
		{1AA4E1FF-1F56-47D5-840C-9D99D872D6E1}.Release|x64.Build.0 = Release|Any CPU
		{1AA4E1FF-1F56-47D5-840C-9D99D872D6E1}.Release|x86.ActiveCfg = Release|Any CPU
		{1AA4E1FF-1F56-47D5-840C-9D99D872D6E1}.Release|x86.Build.0 = Release|Any CPU
		{78E89270-4B85-4092-8C59-CCBD92C68975}.Debug|Any CPU.ActiveCfg = Debug|Any CPU
		{78E89270-4B85-4092-8C59-CCBD92C68975}.Debug|Any CPU.Build.0 = Debug|Any CPU
		{78E89270-4B85-4092-8C59-CCBD92C68975}.Debug|ARM.ActiveCfg = Debug|Any CPU
		{78E89270-4B85-4092-8C59-CCBD92C68975}.Debug|ARM.Build.0 = Debug|Any CPU
		{78E89270-4B85-4092-8C59-CCBD92C68975}.Debug|x64.ActiveCfg = Debug|Any CPU
		{78E89270-4B85-4092-8C59-CCBD92C68975}.Debug|x64.Build.0 = Debug|Any CPU
		{78E89270-4B85-4092-8C59-CCBD92C68975}.Debug|x86.ActiveCfg = Debug|Any CPU
		{78E89270-4B85-4092-8C59-CCBD92C68975}.Debug|x86.Build.0 = Debug|Any CPU
		{78E89270-4B85-4092-8C59-CCBD92C68975}.Release|Any CPU.ActiveCfg = Release|Any CPU
		{78E89270-4B85-4092-8C59-CCBD92C68975}.Release|Any CPU.Build.0 = Release|Any CPU
		{78E89270-4B85-4092-8C59-CCBD92C68975}.Release|ARM.ActiveCfg = Release|Any CPU
		{78E89270-4B85-4092-8C59-CCBD92C68975}.Release|ARM.Build.0 = Release|Any CPU
		{78E89270-4B85-4092-8C59-CCBD92C68975}.Release|x64.ActiveCfg = Release|Any CPU
		{78E89270-4B85-4092-8C59-CCBD92C68975}.Release|x64.Build.0 = Release|Any CPU
		{78E89270-4B85-4092-8C59-CCBD92C68975}.Release|x86.ActiveCfg = Release|Any CPU
		{78E89270-4B85-4092-8C59-CCBD92C68975}.Release|x86.Build.0 = Release|Any CPU
		{564C8900-69C2-4756-AE54-FA254C92D5A6}.Debug|Any CPU.ActiveCfg = Debug|Any CPU
		{564C8900-69C2-4756-AE54-FA254C92D5A6}.Debug|Any CPU.Build.0 = Debug|Any CPU
		{564C8900-69C2-4756-AE54-FA254C92D5A6}.Debug|ARM.ActiveCfg = Debug|Any CPU
		{564C8900-69C2-4756-AE54-FA254C92D5A6}.Debug|ARM.Build.0 = Debug|Any CPU
		{564C8900-69C2-4756-AE54-FA254C92D5A6}.Debug|x64.ActiveCfg = Debug|Any CPU
		{564C8900-69C2-4756-AE54-FA254C92D5A6}.Debug|x64.Build.0 = Debug|Any CPU
		{564C8900-69C2-4756-AE54-FA254C92D5A6}.Debug|x86.ActiveCfg = Debug|Any CPU
		{564C8900-69C2-4756-AE54-FA254C92D5A6}.Debug|x86.Build.0 = Debug|Any CPU
		{564C8900-69C2-4756-AE54-FA254C92D5A6}.Release|Any CPU.ActiveCfg = Release|Any CPU
		{564C8900-69C2-4756-AE54-FA254C92D5A6}.Release|Any CPU.Build.0 = Release|Any CPU
		{564C8900-69C2-4756-AE54-FA254C92D5A6}.Release|ARM.ActiveCfg = Release|Any CPU
		{564C8900-69C2-4756-AE54-FA254C92D5A6}.Release|ARM.Build.0 = Release|Any CPU
		{564C8900-69C2-4756-AE54-FA254C92D5A6}.Release|x64.ActiveCfg = Release|Any CPU
		{564C8900-69C2-4756-AE54-FA254C92D5A6}.Release|x64.Build.0 = Release|Any CPU
		{564C8900-69C2-4756-AE54-FA254C92D5A6}.Release|x86.ActiveCfg = Release|Any CPU
		{564C8900-69C2-4756-AE54-FA254C92D5A6}.Release|x86.Build.0 = Release|Any CPU
		{C323003B-AFA8-464A-B3CA-18F07DD6CDEE}.Debug|Any CPU.ActiveCfg = Debug|Any CPU
		{C323003B-AFA8-464A-B3CA-18F07DD6CDEE}.Debug|Any CPU.Build.0 = Debug|Any CPU
		{C323003B-AFA8-464A-B3CA-18F07DD6CDEE}.Debug|ARM.ActiveCfg = Debug|Any CPU
		{C323003B-AFA8-464A-B3CA-18F07DD6CDEE}.Debug|ARM.Build.0 = Debug|Any CPU
		{C323003B-AFA8-464A-B3CA-18F07DD6CDEE}.Debug|x64.ActiveCfg = Debug|Any CPU
		{C323003B-AFA8-464A-B3CA-18F07DD6CDEE}.Debug|x64.Build.0 = Debug|Any CPU
		{C323003B-AFA8-464A-B3CA-18F07DD6CDEE}.Debug|x86.ActiveCfg = Debug|Any CPU
		{C323003B-AFA8-464A-B3CA-18F07DD6CDEE}.Debug|x86.Build.0 = Debug|Any CPU
		{C323003B-AFA8-464A-B3CA-18F07DD6CDEE}.Release|Any CPU.ActiveCfg = Release|Any CPU
		{C323003B-AFA8-464A-B3CA-18F07DD6CDEE}.Release|Any CPU.Build.0 = Release|Any CPU
		{C323003B-AFA8-464A-B3CA-18F07DD6CDEE}.Release|ARM.ActiveCfg = Release|Any CPU
		{C323003B-AFA8-464A-B3CA-18F07DD6CDEE}.Release|ARM.Build.0 = Release|Any CPU
		{C323003B-AFA8-464A-B3CA-18F07DD6CDEE}.Release|x64.ActiveCfg = Release|Any CPU
		{C323003B-AFA8-464A-B3CA-18F07DD6CDEE}.Release|x64.Build.0 = Release|Any CPU
		{C323003B-AFA8-464A-B3CA-18F07DD6CDEE}.Release|x86.ActiveCfg = Release|Any CPU
		{C323003B-AFA8-464A-B3CA-18F07DD6CDEE}.Release|x86.Build.0 = Release|Any CPU
	EndGlobalSection
	GlobalSection(SolutionProperties) = preSolution
		HideSolutionNode = FALSE
	EndGlobalSection
	GlobalSection(NestedProjects) = preSolution
		{9762FEE1-2655-4FEE-BDE4-390244CFA16A} = {09A986A2-EC14-4132-BFA7-8FC1A66C3AB9}
		{0845A6B2-EC20-413B-B947-1472D10F93F9} = {09A986A2-EC14-4132-BFA7-8FC1A66C3AB9}
		{80CE261C-2829-445C-8DD6-CEDED5996EE9} = {09A986A2-EC14-4132-BFA7-8FC1A66C3AB9}
		{D01DC889-34D8-41DB-A0E9-81BFB1FA1E1E} = {09A986A2-EC14-4132-BFA7-8FC1A66C3AB9}
		{2FF8C376-11AA-42A3-8A7E-446602584165} = {09A986A2-EC14-4132-BFA7-8FC1A66C3AB9}
		{55E6EE51-7DA0-48F3-91EE-0B18962E589C} = {09A986A2-EC14-4132-BFA7-8FC1A66C3AB9}
		{5C0BDA8E-7C8C-427D-9673-B18A05B05280} = {09A986A2-EC14-4132-BFA7-8FC1A66C3AB9}
		{4F7259D2-396E-47A1-9673-745CD8201002} = {324B075A-470F-4CA1-B3DF-648F9EBBD037}
		{F3703AA6-E8E5-452F-BA8F-CF4E22F66408} = {324B075A-470F-4CA1-B3DF-648F9EBBD037}
		{B09FBD71-7FEE-41AF-8C7D-529C4673006C} = {324B075A-470F-4CA1-B3DF-648F9EBBD037}
		{AA06D1DD-D756-414F-ABF4-AF8BBE9BAF75} = {324B075A-470F-4CA1-B3DF-648F9EBBD037}
		{B4D606DE-3697-4E46-A7A9-18D0D4914AE1} = {324B075A-470F-4CA1-B3DF-648F9EBBD037}
		{DC9FF288-706C-4A36-B127-E33ECD916FEE} = {324B075A-470F-4CA1-B3DF-648F9EBBD037}
		{7A2EAAEA-6C8A-4D18-83B6-7ED44FCC3A5A} = {6A5AFE86-9DF4-4CBD-ACFB-FA9B04BD9A7A}
		{1AA4E1FF-1F56-47D5-840C-9D99D872D6E1} = {6A5AFE86-9DF4-4CBD-ACFB-FA9B04BD9A7A}
		{78E89270-4B85-4092-8C59-CCBD92C68975} = {09A986A2-EC14-4132-BFA7-8FC1A66C3AB9}
		{564C8900-69C2-4756-AE54-FA254C92D5A6} = {09A986A2-EC14-4132-BFA7-8FC1A66C3AB9}
		{C323003B-AFA8-464A-B3CA-18F07DD6CDEE} = {09A986A2-EC14-4132-BFA7-8FC1A66C3AB9}
	EndGlobalSection
EndGlobal
